// !$*UTF8*$!
{
	archiveVersion = 1;
	classes = {
	};
	objectVersion = 52;
	objects = {

/* Begin PBXBuildFile section */
		3E25B209270E91C7003F3C37 /* IntraAPIError.swift in Sources */ = {isa = PBXBuildFile; fileRef = 3E25B208270E91C7003F3C37 /* IntraAPIError.swift */; };
		3E2E081427170AF700E6B40F /* SortCellModel.swift in Sources */ = {isa = PBXBuildFile; fileRef = 3E2E081327170AF700E6B40F /* SortCellModel.swift */; };
		3E2E081827171D4C00E6B40F /* SortSectionModel.swift in Sources */ = {isa = PBXBuildFile; fileRef = 3E2E081727171D4C00E6B40F /* SortSectionModel.swift */; };
		3E2E081B271738B300E6B40F /* ToolbarPickerView.swift in Sources */ = {isa = PBXBuildFile; fileRef = 3E2E081A271738B300E6B40F /* ToolbarPickerView.swift */; };
		3E43911D270094F400C8AC03 /* AppDelegate.swift in Sources */ = {isa = PBXBuildFile; fileRef = 3E43911C270094F400C8AC03 /* AppDelegate.swift */; };
		3E43911F270094F400C8AC03 /* SceneDelegate.swift in Sources */ = {isa = PBXBuildFile; fileRef = 3E43911E270094F400C8AC03 /* SceneDelegate.swift */; };
		3E439126270094F600C8AC03 /* Assets.xcassets in Resources */ = {isa = PBXBuildFile; fileRef = 3E439125270094F600C8AC03 /* Assets.xcassets */; };
		3E439129270094F600C8AC03 /* LaunchScreen.storyboard in Resources */ = {isa = PBXBuildFile; fileRef = 3E439127270094F600C8AC03 /* LaunchScreen.storyboard */; };
		3E4681D62713242D001D67C2 /* IntraAPIServiceMock.swift in Sources */ = {isa = PBXBuildFile; fileRef = 3E4681D52713242D001D67C2 /* IntraAPIServiceMock.swift */; };
		3E4681D927137E8D001D67C2 /* OrderedCollections in Frameworks */ = {isa = PBXBuildFile; productRef = 3E4681D827137E8D001D67C2 /* OrderedCollections */; };
		3E4681DB271380B1001D67C2 /* UserDefaults+Ext.swift in Sources */ = {isa = PBXBuildFile; fileRef = 3E4681DA271380B1001D67C2 /* UserDefaults+Ext.swift */; };
		3E5352E727111BDC00FD0B4C /* EventRegisterResponse.swift in Sources */ = {isa = PBXBuildFile; fileRef = 3E5352E627111BDC00FD0B4C /* EventRegisterResponse.swift */; };
		3E5352EA2711CB1C00FD0B4C /* IntraAPIService+Auth.swift in Sources */ = {isa = PBXBuildFile; fileRef = 3E5352E92711CB1C00FD0B4C /* IntraAPIService+Auth.swift */; };
		3E5352EC2711CB2E00FD0B4C /* IntraAPIService+GetEvents.swift in Sources */ = {isa = PBXBuildFile; fileRef = 3E5352EB2711CB2E00FD0B4C /* IntraAPIService+GetEvents.swift */; };
		3E5352EE2711CBB000FD0B4C /* IntraAPIService+GetMe.swift in Sources */ = {isa = PBXBuildFile; fileRef = 3E5352ED2711CBB000FD0B4C /* IntraAPIService+GetMe.swift */; };
		3E5352F02711D23800FD0B4C /* EventUsersResponse.swift in Sources */ = {isa = PBXBuildFile; fileRef = 3E5352EF2711D23800FD0B4C /* EventUsersResponse.swift */; };
		3E5352F22711F8A200FD0B4C /* KeychainHelper.swift in Sources */ = {isa = PBXBuildFile; fileRef = 3E5352F12711F8A200FD0B4C /* KeychainHelper.swift */; };
		3E5352F42712254300FD0B4C /* CampusResponse.swift in Sources */ = {isa = PBXBuildFile; fileRef = 3E5352F32712254300FD0B4C /* CampusResponse.swift */; };
		3E5352F62712264500FD0B4C /* CursusUserResponse.swift in Sources */ = {isa = PBXBuildFile; fileRef = 3E5352F52712264500FD0B4C /* CursusUserResponse.swift */; };
		3E5352F8271226F000FD0B4C /* CursusResponse.swift in Sources */ = {isa = PBXBuildFile; fileRef = 3E5352F7271226F000FD0B4C /* CursusResponse.swift */; };
		3E535307271269B000FD0B4C /* EventListFiltersContract.swift in Sources */ = {isa = PBXBuildFile; fileRef = 3E5352FB271269B000FD0B4C /* EventListFiltersContract.swift */; };
		3E535308271269B000FD0B4C /* EventListFiltersAssembly.swift in Sources */ = {isa = PBXBuildFile; fileRef = 3E5352FD271269B000FD0B4C /* EventListFiltersAssembly.swift */; };
		3E535309271269B000FD0B4C /* EventListFiltersDataSource.swift in Sources */ = {isa = PBXBuildFile; fileRef = 3E5352FF271269B000FD0B4C /* EventListFiltersDataSource.swift */; };
		3E53530A271269B000FD0B4C /* EventListFiltersPresenter.swift in Sources */ = {isa = PBXBuildFile; fileRef = 3E535300271269B000FD0B4C /* EventListFiltersPresenter.swift */; };
		3E53530B271269B000FD0B4C /* EventListFiltersView.swift in Sources */ = {isa = PBXBuildFile; fileRef = 3E535302271269B000FD0B4C /* EventListFiltersView.swift */; };
		3E53530C271269B000FD0B4C /* EventListFiltersInteractor.swift in Sources */ = {isa = PBXBuildFile; fileRef = 3E535304271269B000FD0B4C /* EventListFiltersInteractor.swift */; };
		3E53530D271269B000FD0B4C /* EventListFiltersRouter.swift in Sources */ = {isa = PBXBuildFile; fileRef = 3E535306271269B000FD0B4C /* EventListFiltersRouter.swift */; };
		3E53530F271273BE00FD0B4C /* FilterCell.swift in Sources */ = {isa = PBXBuildFile; fileRef = 3E53530E271273BE00FD0B4C /* FilterCell.swift */; };
		3E53531127127D0500FD0B4C /* FilterSectionModel.swift in Sources */ = {isa = PBXBuildFile; fileRef = 3E53531027127D0500FD0B4C /* FilterSectionModel.swift */; };
		3E53531327127F4800FD0B4C /* UITableView+Ext.swift in Sources */ = {isa = PBXBuildFile; fileRef = 3E53531227127F4800FD0B4C /* UITableView+Ext.swift */; };
		3E7A3693271503960066F47E /* FiltersStorage.swift in Sources */ = {isa = PBXBuildFile; fileRef = 3E7A3692271503960066F47E /* FiltersStorage.swift */; };
		3E7A369527154D270066F47E /* IntraAPIService+PostDeleteEvents.swift in Sources */ = {isa = PBXBuildFile; fileRef = 3E7A369427154D270066F47E /* IntraAPIService+PostDeleteEvents.swift */; };
		3E9714702700C4B900FC2F3F /* String+Ext.swift in Sources */ = {isa = PBXBuildFile; fileRef = 3E97146F2700C4B900FC2F3F /* String+Ext.swift */; };
		3E9714732700C9A800FC2F3F /* TokenResponse.swift in Sources */ = {isa = PBXBuildFile; fileRef = 3E9714722700C9A800FC2F3F /* TokenResponse.swift */; };
		3EA54ABF27178C30007DD11D /* Sequence+Ext.swift in Sources */ = {isa = PBXBuildFile; fileRef = 3EA54ABE27178C30007DD11D /* Sequence+Ext.swift */; };
		3EB5CF6E2700D89F0011E88C /* UserFullModel.swift in Sources */ = {isa = PBXBuildFile; fileRef = 3EB5CF6D2700D89F0011E88C /* UserFullModel.swift */; };
		3EB5CF722700E05D0011E88C /* ImageCashingService.swift in Sources */ = {isa = PBXBuildFile; fileRef = 3EB5CF712700E05D0011E88C /* ImageCashingService.swift */; };
		3EEDD40B2715FE2E005A8017 /* UserShortModel.swift in Sources */ = {isa = PBXBuildFile; fileRef = 3EEDD40A2715FE2E005A8017 /* UserShortModel.swift */; };
		EAAEC40827009E4700AFD1FC /* EventListContract.swift in Sources */ = {isa = PBXBuildFile; fileRef = EAAEC3CB27009E4700AFD1FC /* EventListContract.swift */; };
		EAAEC40927009E4700AFD1FC /* EventListAssembly.swift in Sources */ = {isa = PBXBuildFile; fileRef = EAAEC3CD27009E4700AFD1FC /* EventListAssembly.swift */; };
		EAAEC40A27009E4700AFD1FC /* EventListDataSource.swift in Sources */ = {isa = PBXBuildFile; fileRef = EAAEC3CF27009E4700AFD1FC /* EventListDataSource.swift */; };
		EAAEC40B27009E4700AFD1FC /* EventListPresenter.swift in Sources */ = {isa = PBXBuildFile; fileRef = EAAEC3D027009E4700AFD1FC /* EventListPresenter.swift */; };
		EAAEC40C27009E4700AFD1FC /* EventListView.swift in Sources */ = {isa = PBXBuildFile; fileRef = EAAEC3D227009E4700AFD1FC /* EventListView.swift */; };
		EAAEC40D27009E4700AFD1FC /* EventListInteractor.swift in Sources */ = {isa = PBXBuildFile; fileRef = EAAEC3D427009E4700AFD1FC /* EventListInteractor.swift */; };
		EAAEC40E27009E4700AFD1FC /* EventListRouter.swift in Sources */ = {isa = PBXBuildFile; fileRef = EAAEC3D627009E4700AFD1FC /* EventListRouter.swift */; };
		EAAEC40F27009E4700AFD1FC /* AuthorizationContract.swift in Sources */ = {isa = PBXBuildFile; fileRef = EAAEC3D927009E4700AFD1FC /* AuthorizationContract.swift */; };
		EAAEC41027009E4700AFD1FC /* AuthorizationAssembly.swift in Sources */ = {isa = PBXBuildFile; fileRef = EAAEC3DB27009E4700AFD1FC /* AuthorizationAssembly.swift */; };
		EAAEC41127009E4700AFD1FC /* AuthorizationPresenter.swift in Sources */ = {isa = PBXBuildFile; fileRef = EAAEC3DD27009E4700AFD1FC /* AuthorizationPresenter.swift */; };
		EAAEC41227009E4700AFD1FC /* AuthorizationDataSource.swift in Sources */ = {isa = PBXBuildFile; fileRef = EAAEC3DE27009E4700AFD1FC /* AuthorizationDataSource.swift */; };
		EAAEC41327009E4700AFD1FC /* AuthorizationViewController.swift in Sources */ = {isa = PBXBuildFile; fileRef = EAAEC3E027009E4700AFD1FC /* AuthorizationViewController.swift */; };
		EAAEC41427009E4700AFD1FC /* AuthorizationInteractor.swift in Sources */ = {isa = PBXBuildFile; fileRef = EAAEC3E227009E4700AFD1FC /* AuthorizationInteractor.swift */; };
		EAAEC41527009E4700AFD1FC /* AuthorizationRouter.swift in Sources */ = {isa = PBXBuildFile; fileRef = EAAEC3E427009E4700AFD1FC /* AuthorizationRouter.swift */; };
		EAAEC41627009E4700AFD1FC /* EventDetailContract.swift in Sources */ = {isa = PBXBuildFile; fileRef = EAAEC3E727009E4700AFD1FC /* EventDetailContract.swift */; };
		EAAEC41727009E4700AFD1FC /* EventDetailAssembly.swift in Sources */ = {isa = PBXBuildFile; fileRef = EAAEC3E927009E4700AFD1FC /* EventDetailAssembly.swift */; };
		EAAEC41827009E4700AFD1FC /* EventDetailPresenter.swift in Sources */ = {isa = PBXBuildFile; fileRef = EAAEC3EB27009E4700AFD1FC /* EventDetailPresenter.swift */; };
		EAAEC41927009E4700AFD1FC /* EventDetailDataSource.swift in Sources */ = {isa = PBXBuildFile; fileRef = EAAEC3EC27009E4700AFD1FC /* EventDetailDataSource.swift */; };
		EAAEC41A27009E4700AFD1FC /* EventDetailView.swift in Sources */ = {isa = PBXBuildFile; fileRef = EAAEC3EE27009E4700AFD1FC /* EventDetailView.swift */; };
		EAAEC41B27009E4700AFD1FC /* EventDetailInteractor.swift in Sources */ = {isa = PBXBuildFile; fileRef = EAAEC3F027009E4700AFD1FC /* EventDetailInteractor.swift */; };
		EAAEC41C27009E4700AFD1FC /* EventDetailRouter.swift in Sources */ = {isa = PBXBuildFile; fileRef = EAAEC3F227009E4700AFD1FC /* EventDetailRouter.swift */; };
		EAAEC41D27009E4700AFD1FC /* Intra21Contract.swift in Sources */ = {isa = PBXBuildFile; fileRef = EAAEC3F427009E4700AFD1FC /* Intra21Contract.swift */; };
		EAAEC41E27009E4700AFD1FC /* EventResponse.swift in Sources */ = {isa = PBXBuildFile; fileRef = EAAEC3F627009E4700AFD1FC /* EventResponse.swift */; };
		EAAEC41F27009E4700AFD1FC /* IntraAPIService.swift in Sources */ = {isa = PBXBuildFile; fileRef = EAAEC3F827009E4700AFD1FC /* IntraAPIService.swift */; };
		EAAEC42027009E4700AFD1FC /* Date+Ext.swift in Sources */ = {isa = PBXBuildFile; fileRef = EAAEC3FA27009E4700AFD1FC /* Date+Ext.swift */; };
		EAAEC42127009E4700AFD1FC /* DataFormatter+Ext.swift in Sources */ = {isa = PBXBuildFile; fileRef = EAAEC3FB27009E4700AFD1FC /* DataFormatter+Ext.swift */; };
		EAAEC42227009E4700AFD1FC /* JSONDecoder+Ext.swift in Sources */ = {isa = PBXBuildFile; fileRef = EAAEC3FC27009E4700AFD1FC /* JSONDecoder+Ext.swift */; };
		EAAEC42327009E4700AFD1FC /* UIWindow+Ext.swift in Sources */ = {isa = PBXBuildFile; fileRef = EAAEC3FD27009E4700AFD1FC /* UIWindow+Ext.swift */; };
		EAAEC42427009E4700AFD1FC /* EventListCellModel.swift in Sources */ = {isa = PBXBuildFile; fileRef = EAAEC40127009E4700AFD1FC /* EventListCellModel.swift */; };
		EAAEC42527009E4700AFD1FC /* EventListCell.swift in Sources */ = {isa = PBXBuildFile; fileRef = EAAEC40227009E4700AFD1FC /* EventListCell.swift */; };
		EAAEC42627009E4700AFD1FC /* CellIdentifiable.swift in Sources */ = {isa = PBXBuildFile; fileRef = EAAEC40327009E4700AFD1FC /* CellIdentifiable.swift */; };
		EAAEC42727009E4700AFD1FC /* EventListSection.swift in Sources */ = {isa = PBXBuildFile; fileRef = EAAEC40527009E4700AFD1FC /* EventListSection.swift */; };
		EAAEC42927009E4700AFD1FC /* ModelRepresentableProtocol.swift in Sources */ = {isa = PBXBuildFile; fileRef = EAAEC40727009E4700AFD1FC /* ModelRepresentableProtocol.swift */; };
		F61A8BE0277A7F44003169CF /* UIimage+Ext.swift in Sources */ = {isa = PBXBuildFile; fileRef = F61A8BDF277A7F44003169CF /* UIimage+Ext.swift */; };
		F61E6D3C2780DE81001CF353 /* SkillsContract.swift in Sources */ = {isa = PBXBuildFile; fileRef = F61E6D2A2780DE81001CF353 /* SkillsContract.swift */; };
		F61E6D3D2780DE81001CF353 /* SkillsAssembly.swift in Sources */ = {isa = PBXBuildFile; fileRef = F61E6D2C2780DE81001CF353 /* SkillsAssembly.swift */; };
		F61E6D3E2780DE81001CF353 /* SkillsPresenterDataSource.swift in Sources */ = {isa = PBXBuildFile; fileRef = F61E6D2E2780DE81001CF353 /* SkillsPresenterDataSource.swift */; };
		F61E6D3F2780DE81001CF353 /* SkillsPresenter.swift in Sources */ = {isa = PBXBuildFile; fileRef = F61E6D2F2780DE81001CF353 /* SkillsPresenter.swift */; };
		F61E6D402780DE81001CF353 /* SkillsCellModel.swift in Sources */ = {isa = PBXBuildFile; fileRef = F61E6D322780DE81001CF353 /* SkillsCellModel.swift */; };
		F61E6D412780DE81001CF353 /* SkillsSectionModel.swift in Sources */ = {isa = PBXBuildFile; fileRef = F61E6D332780DE81001CF353 /* SkillsSectionModel.swift */; };
		F61E6D422780DE81001CF353 /* SkillsCell.swift in Sources */ = {isa = PBXBuildFile; fileRef = F61E6D342780DE81001CF353 /* SkillsCell.swift */; };
		F61E6D432780DE81001CF353 /* SkillsViewController.swift in Sources */ = {isa = PBXBuildFile; fileRef = F61E6D362780DE81001CF353 /* SkillsViewController.swift */; };
		F61E6D442780DE81001CF353 /* SkillsInteractor.swift in Sources */ = {isa = PBXBuildFile; fileRef = F61E6D382780DE81001CF353 /* SkillsInteractor.swift */; };
		F61E6D452780DE81001CF353 /* SkillsRouter.swift in Sources */ = {isa = PBXBuildFile; fileRef = F61E6D3B2780DE81001CF353 /* SkillsRouter.swift */; };
		F61E6D5C2780DEA7001CF353 /* ProjectsContract.swift in Sources */ = {isa = PBXBuildFile; fileRef = F61E6D4A2780DEA7001CF353 /* ProjectsContract.swift */; };
		F61E6D5D2780DEA7001CF353 /* ProjectsAssembly.swift in Sources */ = {isa = PBXBuildFile; fileRef = F61E6D4C2780DEA7001CF353 /* ProjectsAssembly.swift */; };
		F61E6D5E2780DEA7001CF353 /* ProjectsPresenter.swift in Sources */ = {isa = PBXBuildFile; fileRef = F61E6D4E2780DEA7001CF353 /* ProjectsPresenter.swift */; };
		F61E6D5F2780DEA7001CF353 /* ProjectsPresenterDataSource.swift in Sources */ = {isa = PBXBuildFile; fileRef = F61E6D4F2780DEA7001CF353 /* ProjectsPresenterDataSource.swift */; };
		F61E6D602780DEA7001CF353 /* ProjectsCell.swift in Sources */ = {isa = PBXBuildFile; fileRef = F61E6D522780DEA7001CF353 /* ProjectsCell.swift */; };
		F61E6D612780DEA7001CF353 /* ProjectsCellModel.swift in Sources */ = {isa = PBXBuildFile; fileRef = F61E6D532780DEA7001CF353 /* ProjectsCellModel.swift */; };
		F61E6D622780DEA7001CF353 /* ProjectsSectionModel.swift in Sources */ = {isa = PBXBuildFile; fileRef = F61E6D542780DEA7001CF353 /* ProjectsSectionModel.swift */; };
		F61E6D632780DEA7001CF353 /* ProjectsViewController.swift in Sources */ = {isa = PBXBuildFile; fileRef = F61E6D562780DEA7001CF353 /* ProjectsViewController.swift */; };
		F61E6D642780DEA7001CF353 /* ProjectsInteractor.swift in Sources */ = {isa = PBXBuildFile; fileRef = F61E6D582780DEA7001CF353 /* ProjectsInteractor.swift */; };
		F61E6D652780DEA7001CF353 /* ProjectsRouter.swift in Sources */ = {isa = PBXBuildFile; fileRef = F61E6D5B2780DEA7001CF353 /* ProjectsRouter.swift */; };
		F61E6D7C2780DED4001CF353 /* AchievementsContract.swift in Sources */ = {isa = PBXBuildFile; fileRef = F61E6D6A2780DED4001CF353 /* AchievementsContract.swift */; };
		F61E6D7D2780DED5001CF353 /* AchievementsAssembly.swift in Sources */ = {isa = PBXBuildFile; fileRef = F61E6D6C2780DED4001CF353 /* AchievementsAssembly.swift */; };
		F61E6D7E2780DED5001CF353 /* AchievementsPresenter.swift in Sources */ = {isa = PBXBuildFile; fileRef = F61E6D6E2780DED4001CF353 /* AchievementsPresenter.swift */; };
		F61E6D7F2780DED5001CF353 /* AchievementsPresenterDataSource.swift in Sources */ = {isa = PBXBuildFile; fileRef = F61E6D6F2780DED4001CF353 /* AchievementsPresenterDataSource.swift */; };
		F61E6D802780DED5001CF353 /* AchievementsSectionModel.swift in Sources */ = {isa = PBXBuildFile; fileRef = F61E6D722780DED4001CF353 /* AchievementsSectionModel.swift */; };
		F61E6D812780DED5001CF353 /* AchievementsCellModel.swift in Sources */ = {isa = PBXBuildFile; fileRef = F61E6D732780DED4001CF353 /* AchievementsCellModel.swift */; };
		F61E6D822780DED5001CF353 /* AchievementsCell.swift in Sources */ = {isa = PBXBuildFile; fileRef = F61E6D742780DED4001CF353 /* AchievementsCell.swift */; };
		F61E6D832780DED5001CF353 /* AchievementsViewController.swift in Sources */ = {isa = PBXBuildFile; fileRef = F61E6D762780DED4001CF353 /* AchievementsViewController.swift */; };
		F61E6D842780DED5001CF353 /* AchievementsInteractor.swift in Sources */ = {isa = PBXBuildFile; fileRef = F61E6D782780DED4001CF353 /* AchievementsInteractor.swift */; };
		F61E6D852780DED5001CF353 /* AchievementsRouter.swift in Sources */ = {isa = PBXBuildFile; fileRef = F61E6D7B2780DED4001CF353 /* AchievementsRouter.swift */; };
		F67523E6277F0AB200CCBAC6 /* FilterCellModel.swift in Sources */ = {isa = PBXBuildFile; fileRef = F67523E5277F0AB200CCBAC6 /* FilterCellModel.swift */; };
		F67523E9277F0AD300CCBAC6 /* FilterModel.swift in Sources */ = {isa = PBXBuildFile; fileRef = F67523E8277F0AD300CCBAC6 /* FilterModel.swift */; };
		F67523ED277F0B8700CCBAC6 /* SortCell.swift in Sources */ = {isa = PBXBuildFile; fileRef = F67523EC277F0B8700CCBAC6 /* SortCell.swift */; };
		F67523EF277F0C8B00CCBAC6 /* SortModel.swift in Sources */ = {isa = PBXBuildFile; fileRef = F67523EE277F0C8B00CCBAC6 /* SortModel.swift */; };
		F67523F5277F0FC900CCBAC6 /* HeaderIdentifiable.swift in Sources */ = {isa = PBXBuildFile; fileRef = F67523F4277F0FC900CCBAC6 /* HeaderIdentifiable.swift */; };
		F69F58E1277A96D300FF0B67 /* SearchUserContract.swift in Sources */ = {isa = PBXBuildFile; fileRef = F69F58CF277A96D300FF0B67 /* SearchUserContract.swift */; };
		F69F58E2277A96D300FF0B67 /* SearchUserAssembly.swift in Sources */ = {isa = PBXBuildFile; fileRef = F69F58D1277A96D300FF0B67 /* SearchUserAssembly.swift */; };
		F69F58E3277A96D300FF0B67 /* SearchUserPresenter.swift in Sources */ = {isa = PBXBuildFile; fileRef = F69F58D3277A96D300FF0B67 /* SearchUserPresenter.swift */; };
		F69F58E4277A96D300FF0B67 /* SearchUserPresenterDataSource.swift in Sources */ = {isa = PBXBuildFile; fileRef = F69F58D4277A96D300FF0B67 /* SearchUserPresenterDataSource.swift */; };
		F69F58E5277A96D300FF0B67 /* SearchUserSection.swift in Sources */ = {isa = PBXBuildFile; fileRef = F69F58D7277A96D300FF0B67 /* SearchUserSection.swift */; };
		F69F58E6277A96D300FF0B67 /* SearchUserCell.swift in Sources */ = {isa = PBXBuildFile; fileRef = F69F58D8277A96D300FF0B67 /* SearchUserCell.swift */; };
		F69F58E7277A96D300FF0B67 /* SearchUserCellModel.swift in Sources */ = {isa = PBXBuildFile; fileRef = F69F58D9277A96D300FF0B67 /* SearchUserCellModel.swift */; };
		F69F58E8277A96D300FF0B67 /* SearchUserViewController.swift in Sources */ = {isa = PBXBuildFile; fileRef = F69F58DB277A96D300FF0B67 /* SearchUserViewController.swift */; };
		F69F58E9277A96D300FF0B67 /* SearchUserInteractor.swift in Sources */ = {isa = PBXBuildFile; fileRef = F69F58DD277A96D300FF0B67 /* SearchUserInteractor.swift */; };
		F69F58EA277A96D300FF0B67 /* SearchUserRouter.swift in Sources */ = {isa = PBXBuildFile; fileRef = F69F58E0277A96D300FF0B67 /* SearchUserRouter.swift */; };
		F69F58EE277AADDB00FF0B67 /* IntraAPIService+GetUsers.swift in Sources */ = {isa = PBXBuildFile; fileRef = F69F58ED277AADDA00FF0B67 /* IntraAPIService+GetUsers.swift */; };
		F6D164D82779E0D400138291 /* UserMainContract.swift in Sources */ = {isa = PBXBuildFile; fileRef = F6D164C62779E0D400138291 /* UserMainContract.swift */; };
		F6D164D92779E0D400138291 /* UserMainAssembly.swift in Sources */ = {isa = PBXBuildFile; fileRef = F6D164C82779E0D400138291 /* UserMainAssembly.swift */; };
		F6D164DA2779E0D400138291 /* UserMainDataSource.swift in Sources */ = {isa = PBXBuildFile; fileRef = F6D164CA2779E0D400138291 /* UserMainDataSource.swift */; };
		F6D164DB2779E0D400138291 /* UserMainPresenter.swift in Sources */ = {isa = PBXBuildFile; fileRef = F6D164CB2779E0D400138291 /* UserMainPresenter.swift */; };
		F6D164DC2779E0D400138291 /* UserMainCellModel.swift in Sources */ = {isa = PBXBuildFile; fileRef = F6D164CE2779E0D400138291 /* UserMainCellModel.swift */; };
		F6D164DD2779E0D400138291 /* UserMainSectionModel.swift in Sources */ = {isa = PBXBuildFile; fileRef = F6D164CF2779E0D400138291 /* UserMainSectionModel.swift */; };
		F6D164DE2779E0D400138291 /* UserMainCell.swift in Sources */ = {isa = PBXBuildFile; fileRef = F6D164D02779E0D400138291 /* UserMainCell.swift */; };
		F6D164DF2779E0D400138291 /* UserMainViewController.swift in Sources */ = {isa = PBXBuildFile; fileRef = F6D164D22779E0D400138291 /* UserMainViewController.swift */; };
		F6D164E02779E0D400138291 /* UserMainInteractor.swift in Sources */ = {isa = PBXBuildFile; fileRef = F6D164D42779E0D400138291 /* UserMainInteractor.swift */; };
		F6D164E12779E0D400138291 /* UserMainRouter.swift in Sources */ = {isa = PBXBuildFile; fileRef = F6D164D72779E0D400138291 /* UserMainRouter.swift */; };
		F6D164E42779E1EA00138291 /* TableViewSectionProtocol.swift in Sources */ = {isa = PBXBuildFile; fileRef = F6D164E32779E1EA00138291 /* TableViewSectionProtocol.swift */; };
		F6F02C4F277E0EF200157AEF /* TasksSubtitleIconSection.swift in Sources */ = {isa = PBXBuildFile; fileRef = F6F02C4C277E0EF200157AEF /* TasksSubtitleIconSection.swift */; };
		F6F02C50277E0EF200157AEF /* TasksSubtitleIconCellModel.swift in Sources */ = {isa = PBXBuildFile; fileRef = F6F02C4D277E0EF200157AEF /* TasksSubtitleIconCellModel.swift */; };
		F6F02C51277E0EF200157AEF /* TasksSubtitleIconCell.swift in Sources */ = {isa = PBXBuildFile; fileRef = F6F02C4E277E0EF200157AEF /* TasksSubtitleIconCell.swift */; };
		F6F02C54277E103300157AEF /* SubtitleIconModel.swift in Sources */ = {isa = PBXBuildFile; fileRef = F6F02C53277E103300157AEF /* SubtitleIconModel.swift */; };
		F6F02C58277E133A00157AEF /* UserHeaderModel.swift in Sources */ = {isa = PBXBuildFile; fileRef = F6F02C57277E133A00157AEF /* UserHeaderModel.swift */; };
		F6F02C5A277E1B2D00157AEF /* ProjectUser.swift in Sources */ = {isa = PBXBuildFile; fileRef = F6F02C59277E1B2D00157AEF /* ProjectUser.swift */; };
		F6F02C5C277E1BA300157AEF /* AchievementResponse.swift in Sources */ = {isa = PBXBuildFile; fileRef = F6F02C5B277E1BA300157AEF /* AchievementResponse.swift */; };
		F6F02C5E277E1CBD00157AEF /* CampusUser.swift in Sources */ = {isa = PBXBuildFile; fileRef = F6F02C5D277E1CBD00157AEF /* CampusUser.swift */; };
		F6F02C60277E215100157AEF /* UserHeader.swift in Sources */ = {isa = PBXBuildFile; fileRef = F6F02C5F277E215100157AEF /* UserHeader.swift */; };
/* End PBXBuildFile section */

/* Begin PBXFileReference section */
		3E25B208270E91C7003F3C37 /* IntraAPIError.swift */ = {isa = PBXFileReference; lastKnownFileType = sourcecode.swift; path = IntraAPIError.swift; sourceTree = "<group>"; };
		3E2E081327170AF700E6B40F /* SortCellModel.swift */ = {isa = PBXFileReference; lastKnownFileType = sourcecode.swift; path = SortCellModel.swift; sourceTree = "<group>"; };
		3E2E081727171D4C00E6B40F /* SortSectionModel.swift */ = {isa = PBXFileReference; lastKnownFileType = sourcecode.swift; path = SortSectionModel.swift; sourceTree = "<group>"; };
		3E2E081A271738B300E6B40F /* ToolbarPickerView.swift */ = {isa = PBXFileReference; lastKnownFileType = sourcecode.swift; path = ToolbarPickerView.swift; sourceTree = "<group>"; };
		3E439119270094F400C8AC03 /* Events21.app */ = {isa = PBXFileReference; explicitFileType = wrapper.application; includeInIndex = 0; path = Events21.app; sourceTree = BUILT_PRODUCTS_DIR; };
		3E43911C270094F400C8AC03 /* AppDelegate.swift */ = {isa = PBXFileReference; lastKnownFileType = sourcecode.swift; path = AppDelegate.swift; sourceTree = "<group>"; };
		3E43911E270094F400C8AC03 /* SceneDelegate.swift */ = {isa = PBXFileReference; lastKnownFileType = sourcecode.swift; path = SceneDelegate.swift; sourceTree = "<group>"; };
		3E439125270094F600C8AC03 /* Assets.xcassets */ = {isa = PBXFileReference; lastKnownFileType = folder.assetcatalog; path = Assets.xcassets; sourceTree = "<group>"; };
		3E439128270094F600C8AC03 /* Base */ = {isa = PBXFileReference; lastKnownFileType = file.storyboard; name = Base; path = Base.lproj/LaunchScreen.storyboard; sourceTree = "<group>"; };
		3E43912A270094F600C8AC03 /* Info.plist */ = {isa = PBXFileReference; lastKnownFileType = text.plist.xml; path = Info.plist; sourceTree = "<group>"; };
		3E4681D52713242D001D67C2 /* IntraAPIServiceMock.swift */ = {isa = PBXFileReference; lastKnownFileType = sourcecode.swift; path = IntraAPIServiceMock.swift; sourceTree = "<group>"; };
		3E4681DA271380B1001D67C2 /* UserDefaults+Ext.swift */ = {isa = PBXFileReference; lastKnownFileType = sourcecode.swift; path = "UserDefaults+Ext.swift"; sourceTree = "<group>"; };
		3E5352E627111BDC00FD0B4C /* EventRegisterResponse.swift */ = {isa = PBXFileReference; lastKnownFileType = sourcecode.swift; path = EventRegisterResponse.swift; sourceTree = "<group>"; };
		3E5352E92711CB1C00FD0B4C /* IntraAPIService+Auth.swift */ = {isa = PBXFileReference; lastKnownFileType = sourcecode.swift; path = "IntraAPIService+Auth.swift"; sourceTree = "<group>"; };
		3E5352EB2711CB2E00FD0B4C /* IntraAPIService+GetEvents.swift */ = {isa = PBXFileReference; lastKnownFileType = sourcecode.swift; path = "IntraAPIService+GetEvents.swift"; sourceTree = "<group>"; };
		3E5352ED2711CBB000FD0B4C /* IntraAPIService+GetMe.swift */ = {isa = PBXFileReference; lastKnownFileType = sourcecode.swift; path = "IntraAPIService+GetMe.swift"; sourceTree = "<group>"; };
		3E5352EF2711D23800FD0B4C /* EventUsersResponse.swift */ = {isa = PBXFileReference; lastKnownFileType = sourcecode.swift; path = EventUsersResponse.swift; sourceTree = "<group>"; };
		3E5352F12711F8A200FD0B4C /* KeychainHelper.swift */ = {isa = PBXFileReference; lastKnownFileType = sourcecode.swift; path = KeychainHelper.swift; sourceTree = "<group>"; };
		3E5352F32712254300FD0B4C /* CampusResponse.swift */ = {isa = PBXFileReference; lastKnownFileType = sourcecode.swift; path = CampusResponse.swift; sourceTree = "<group>"; };
		3E5352F52712264500FD0B4C /* CursusUserResponse.swift */ = {isa = PBXFileReference; lastKnownFileType = sourcecode.swift; path = CursusUserResponse.swift; sourceTree = "<group>"; };
		3E5352F7271226F000FD0B4C /* CursusResponse.swift */ = {isa = PBXFileReference; lastKnownFileType = sourcecode.swift; path = CursusResponse.swift; sourceTree = "<group>"; };
		3E5352FB271269B000FD0B4C /* EventListFiltersContract.swift */ = {isa = PBXFileReference; fileEncoding = 4; lastKnownFileType = sourcecode.swift; path = EventListFiltersContract.swift; sourceTree = "<group>"; };
		3E5352FD271269B000FD0B4C /* EventListFiltersAssembly.swift */ = {isa = PBXFileReference; fileEncoding = 4; lastKnownFileType = sourcecode.swift; path = EventListFiltersAssembly.swift; sourceTree = "<group>"; };
		3E5352FF271269B000FD0B4C /* EventListFiltersDataSource.swift */ = {isa = PBXFileReference; fileEncoding = 4; lastKnownFileType = sourcecode.swift; path = EventListFiltersDataSource.swift; sourceTree = "<group>"; };
		3E535300271269B000FD0B4C /* EventListFiltersPresenter.swift */ = {isa = PBXFileReference; fileEncoding = 4; lastKnownFileType = sourcecode.swift; path = EventListFiltersPresenter.swift; sourceTree = "<group>"; };
		3E535302271269B000FD0B4C /* EventListFiltersView.swift */ = {isa = PBXFileReference; fileEncoding = 4; lastKnownFileType = sourcecode.swift; path = EventListFiltersView.swift; sourceTree = "<group>"; };
		3E535304271269B000FD0B4C /* EventListFiltersInteractor.swift */ = {isa = PBXFileReference; fileEncoding = 4; lastKnownFileType = sourcecode.swift; path = EventListFiltersInteractor.swift; sourceTree = "<group>"; };
		3E535306271269B000FD0B4C /* EventListFiltersRouter.swift */ = {isa = PBXFileReference; fileEncoding = 4; lastKnownFileType = sourcecode.swift; path = EventListFiltersRouter.swift; sourceTree = "<group>"; };
		3E53530E271273BE00FD0B4C /* FilterCell.swift */ = {isa = PBXFileReference; lastKnownFileType = sourcecode.swift; path = FilterCell.swift; sourceTree = "<group>"; };
		3E53531027127D0500FD0B4C /* FilterSectionModel.swift */ = {isa = PBXFileReference; lastKnownFileType = sourcecode.swift; path = FilterSectionModel.swift; sourceTree = "<group>"; };
		3E53531227127F4800FD0B4C /* UITableView+Ext.swift */ = {isa = PBXFileReference; lastKnownFileType = sourcecode.swift; path = "UITableView+Ext.swift"; sourceTree = "<group>"; };
		3E7A3692271503960066F47E /* FiltersStorage.swift */ = {isa = PBXFileReference; lastKnownFileType = sourcecode.swift; path = FiltersStorage.swift; sourceTree = "<group>"; };
		3E7A369427154D270066F47E /* IntraAPIService+PostDeleteEvents.swift */ = {isa = PBXFileReference; lastKnownFileType = sourcecode.swift; path = "IntraAPIService+PostDeleteEvents.swift"; sourceTree = "<group>"; };
		3E97146F2700C4B900FC2F3F /* String+Ext.swift */ = {isa = PBXFileReference; lastKnownFileType = sourcecode.swift; path = "String+Ext.swift"; sourceTree = "<group>"; };
		3E9714722700C9A800FC2F3F /* TokenResponse.swift */ = {isa = PBXFileReference; lastKnownFileType = sourcecode.swift; path = TokenResponse.swift; sourceTree = "<group>"; };
		3EA54ABE27178C30007DD11D /* Sequence+Ext.swift */ = {isa = PBXFileReference; lastKnownFileType = sourcecode.swift; path = "Sequence+Ext.swift"; sourceTree = "<group>"; };
		3EB5CF6D2700D89F0011E88C /* UserFullModel.swift */ = {isa = PBXFileReference; lastKnownFileType = sourcecode.swift; path = UserFullModel.swift; sourceTree = "<group>"; };
		3EB5CF712700E05D0011E88C /* ImageCashingService.swift */ = {isa = PBXFileReference; fileEncoding = 4; lastKnownFileType = sourcecode.swift; path = ImageCashingService.swift; sourceTree = "<group>"; };
		3EEDD40A2715FE2E005A8017 /* UserShortModel.swift */ = {isa = PBXFileReference; lastKnownFileType = sourcecode.swift; path = UserShortModel.swift; sourceTree = "<group>"; };
		EAAEC3CB27009E4700AFD1FC /* EventListContract.swift */ = {isa = PBXFileReference; fileEncoding = 4; lastKnownFileType = sourcecode.swift; path = EventListContract.swift; sourceTree = "<group>"; };
		EAAEC3CD27009E4700AFD1FC /* EventListAssembly.swift */ = {isa = PBXFileReference; fileEncoding = 4; lastKnownFileType = sourcecode.swift; path = EventListAssembly.swift; sourceTree = "<group>"; };
		EAAEC3CF27009E4700AFD1FC /* EventListDataSource.swift */ = {isa = PBXFileReference; fileEncoding = 4; lastKnownFileType = sourcecode.swift; path = EventListDataSource.swift; sourceTree = "<group>"; };
		EAAEC3D027009E4700AFD1FC /* EventListPresenter.swift */ = {isa = PBXFileReference; fileEncoding = 4; lastKnownFileType = sourcecode.swift; path = EventListPresenter.swift; sourceTree = "<group>"; };
		EAAEC3D227009E4700AFD1FC /* EventListView.swift */ = {isa = PBXFileReference; fileEncoding = 4; lastKnownFileType = sourcecode.swift; path = EventListView.swift; sourceTree = "<group>"; };
		EAAEC3D427009E4700AFD1FC /* EventListInteractor.swift */ = {isa = PBXFileReference; fileEncoding = 4; lastKnownFileType = sourcecode.swift; path = EventListInteractor.swift; sourceTree = "<group>"; };
		EAAEC3D627009E4700AFD1FC /* EventListRouter.swift */ = {isa = PBXFileReference; fileEncoding = 4; lastKnownFileType = sourcecode.swift; path = EventListRouter.swift; sourceTree = "<group>"; };
		EAAEC3D927009E4700AFD1FC /* AuthorizationContract.swift */ = {isa = PBXFileReference; fileEncoding = 4; lastKnownFileType = sourcecode.swift; path = AuthorizationContract.swift; sourceTree = "<group>"; };
		EAAEC3DB27009E4700AFD1FC /* AuthorizationAssembly.swift */ = {isa = PBXFileReference; fileEncoding = 4; lastKnownFileType = sourcecode.swift; path = AuthorizationAssembly.swift; sourceTree = "<group>"; };
		EAAEC3DD27009E4700AFD1FC /* AuthorizationPresenter.swift */ = {isa = PBXFileReference; fileEncoding = 4; lastKnownFileType = sourcecode.swift; path = AuthorizationPresenter.swift; sourceTree = "<group>"; };
		EAAEC3DE27009E4700AFD1FC /* AuthorizationDataSource.swift */ = {isa = PBXFileReference; fileEncoding = 4; lastKnownFileType = sourcecode.swift; path = AuthorizationDataSource.swift; sourceTree = "<group>"; };
		EAAEC3E027009E4700AFD1FC /* AuthorizationViewController.swift */ = {isa = PBXFileReference; fileEncoding = 4; lastKnownFileType = sourcecode.swift; path = AuthorizationViewController.swift; sourceTree = "<group>"; };
		EAAEC3E227009E4700AFD1FC /* AuthorizationInteractor.swift */ = {isa = PBXFileReference; fileEncoding = 4; lastKnownFileType = sourcecode.swift; path = AuthorizationInteractor.swift; sourceTree = "<group>"; };
		EAAEC3E427009E4700AFD1FC /* AuthorizationRouter.swift */ = {isa = PBXFileReference; fileEncoding = 4; lastKnownFileType = sourcecode.swift; path = AuthorizationRouter.swift; sourceTree = "<group>"; };
		EAAEC3E727009E4700AFD1FC /* EventDetailContract.swift */ = {isa = PBXFileReference; fileEncoding = 4; lastKnownFileType = sourcecode.swift; path = EventDetailContract.swift; sourceTree = "<group>"; };
		EAAEC3E927009E4700AFD1FC /* EventDetailAssembly.swift */ = {isa = PBXFileReference; fileEncoding = 4; lastKnownFileType = sourcecode.swift; path = EventDetailAssembly.swift; sourceTree = "<group>"; };
		EAAEC3EB27009E4700AFD1FC /* EventDetailPresenter.swift */ = {isa = PBXFileReference; fileEncoding = 4; lastKnownFileType = sourcecode.swift; path = EventDetailPresenter.swift; sourceTree = "<group>"; };
		EAAEC3EC27009E4700AFD1FC /* EventDetailDataSource.swift */ = {isa = PBXFileReference; fileEncoding = 4; lastKnownFileType = sourcecode.swift; path = EventDetailDataSource.swift; sourceTree = "<group>"; };
		EAAEC3EE27009E4700AFD1FC /* EventDetailView.swift */ = {isa = PBXFileReference; fileEncoding = 4; lastKnownFileType = sourcecode.swift; path = EventDetailView.swift; sourceTree = "<group>"; };
		EAAEC3F027009E4700AFD1FC /* EventDetailInteractor.swift */ = {isa = PBXFileReference; fileEncoding = 4; lastKnownFileType = sourcecode.swift; path = EventDetailInteractor.swift; sourceTree = "<group>"; };
		EAAEC3F227009E4700AFD1FC /* EventDetailRouter.swift */ = {isa = PBXFileReference; fileEncoding = 4; lastKnownFileType = sourcecode.swift; path = EventDetailRouter.swift; sourceTree = "<group>"; };
		EAAEC3F427009E4700AFD1FC /* Intra21Contract.swift */ = {isa = PBXFileReference; fileEncoding = 4; lastKnownFileType = sourcecode.swift; path = Intra21Contract.swift; sourceTree = "<group>"; };
		EAAEC3F627009E4700AFD1FC /* EventResponse.swift */ = {isa = PBXFileReference; fileEncoding = 4; lastKnownFileType = sourcecode.swift; path = EventResponse.swift; sourceTree = "<group>"; };
		EAAEC3F827009E4700AFD1FC /* IntraAPIService.swift */ = {isa = PBXFileReference; fileEncoding = 4; lastKnownFileType = sourcecode.swift; path = IntraAPIService.swift; sourceTree = "<group>"; };
		EAAEC3FA27009E4700AFD1FC /* Date+Ext.swift */ = {isa = PBXFileReference; fileEncoding = 4; lastKnownFileType = sourcecode.swift; path = "Date+Ext.swift"; sourceTree = "<group>"; };
		EAAEC3FB27009E4700AFD1FC /* DataFormatter+Ext.swift */ = {isa = PBXFileReference; fileEncoding = 4; lastKnownFileType = sourcecode.swift; path = "DataFormatter+Ext.swift"; sourceTree = "<group>"; };
		EAAEC3FC27009E4700AFD1FC /* JSONDecoder+Ext.swift */ = {isa = PBXFileReference; fileEncoding = 4; lastKnownFileType = sourcecode.swift; path = "JSONDecoder+Ext.swift"; sourceTree = "<group>"; };
		EAAEC3FD27009E4700AFD1FC /* UIWindow+Ext.swift */ = {isa = PBXFileReference; fileEncoding = 4; lastKnownFileType = sourcecode.swift; path = "UIWindow+Ext.swift"; sourceTree = "<group>"; };
		EAAEC40127009E4700AFD1FC /* EventListCellModel.swift */ = {isa = PBXFileReference; fileEncoding = 4; lastKnownFileType = sourcecode.swift; path = EventListCellModel.swift; sourceTree = "<group>"; };
		EAAEC40227009E4700AFD1FC /* EventListCell.swift */ = {isa = PBXFileReference; fileEncoding = 4; lastKnownFileType = sourcecode.swift; path = EventListCell.swift; sourceTree = "<group>"; };
		EAAEC40327009E4700AFD1FC /* CellIdentifiable.swift */ = {isa = PBXFileReference; fileEncoding = 4; lastKnownFileType = sourcecode.swift; path = CellIdentifiable.swift; sourceTree = "<group>"; };
		EAAEC40527009E4700AFD1FC /* EventListSection.swift */ = {isa = PBXFileReference; fileEncoding = 4; lastKnownFileType = sourcecode.swift; path = EventListSection.swift; sourceTree = "<group>"; };
		EAAEC40727009E4700AFD1FC /* ModelRepresentableProtocol.swift */ = {isa = PBXFileReference; fileEncoding = 4; lastKnownFileType = sourcecode.swift; path = ModelRepresentableProtocol.swift; sourceTree = "<group>"; };
		F61A8BDF277A7F44003169CF /* UIimage+Ext.swift */ = {isa = PBXFileReference; lastKnownFileType = sourcecode.swift; path = "UIimage+Ext.swift"; sourceTree = "<group>"; };
		F61E6D2A2780DE81001CF353 /* SkillsContract.swift */ = {isa = PBXFileReference; fileEncoding = 4; lastKnownFileType = sourcecode.swift; path = SkillsContract.swift; sourceTree = "<group>"; };
		F61E6D2C2780DE81001CF353 /* SkillsAssembly.swift */ = {isa = PBXFileReference; fileEncoding = 4; lastKnownFileType = sourcecode.swift; path = SkillsAssembly.swift; sourceTree = "<group>"; };
		F61E6D2E2780DE81001CF353 /* SkillsPresenterDataSource.swift */ = {isa = PBXFileReference; fileEncoding = 4; lastKnownFileType = sourcecode.swift; path = SkillsPresenterDataSource.swift; sourceTree = "<group>"; };
		F61E6D2F2780DE81001CF353 /* SkillsPresenter.swift */ = {isa = PBXFileReference; fileEncoding = 4; lastKnownFileType = sourcecode.swift; path = SkillsPresenter.swift; sourceTree = "<group>"; };
		F61E6D322780DE81001CF353 /* SkillsCellModel.swift */ = {isa = PBXFileReference; fileEncoding = 4; lastKnownFileType = sourcecode.swift; path = SkillsCellModel.swift; sourceTree = "<group>"; };
		F61E6D332780DE81001CF353 /* SkillsSectionModel.swift */ = {isa = PBXFileReference; fileEncoding = 4; lastKnownFileType = sourcecode.swift; path = SkillsSectionModel.swift; sourceTree = "<group>"; };
		F61E6D342780DE81001CF353 /* SkillsCell.swift */ = {isa = PBXFileReference; fileEncoding = 4; lastKnownFileType = sourcecode.swift; path = SkillsCell.swift; sourceTree = "<group>"; };
		F61E6D362780DE81001CF353 /* SkillsViewController.swift */ = {isa = PBXFileReference; fileEncoding = 4; lastKnownFileType = sourcecode.swift; path = SkillsViewController.swift; sourceTree = "<group>"; };
		F61E6D382780DE81001CF353 /* SkillsInteractor.swift */ = {isa = PBXFileReference; fileEncoding = 4; lastKnownFileType = sourcecode.swift; path = SkillsInteractor.swift; sourceTree = "<group>"; };
		F61E6D3B2780DE81001CF353 /* SkillsRouter.swift */ = {isa = PBXFileReference; fileEncoding = 4; lastKnownFileType = sourcecode.swift; path = SkillsRouter.swift; sourceTree = "<group>"; };
		F61E6D4A2780DEA7001CF353 /* ProjectsContract.swift */ = {isa = PBXFileReference; fileEncoding = 4; lastKnownFileType = sourcecode.swift; path = ProjectsContract.swift; sourceTree = "<group>"; };
		F61E6D4C2780DEA7001CF353 /* ProjectsAssembly.swift */ = {isa = PBXFileReference; fileEncoding = 4; lastKnownFileType = sourcecode.swift; path = ProjectsAssembly.swift; sourceTree = "<group>"; };
		F61E6D4E2780DEA7001CF353 /* ProjectsPresenter.swift */ = {isa = PBXFileReference; fileEncoding = 4; lastKnownFileType = sourcecode.swift; path = ProjectsPresenter.swift; sourceTree = "<group>"; };
		F61E6D4F2780DEA7001CF353 /* ProjectsPresenterDataSource.swift */ = {isa = PBXFileReference; fileEncoding = 4; lastKnownFileType = sourcecode.swift; path = ProjectsPresenterDataSource.swift; sourceTree = "<group>"; };
		F61E6D522780DEA7001CF353 /* ProjectsCell.swift */ = {isa = PBXFileReference; fileEncoding = 4; lastKnownFileType = sourcecode.swift; path = ProjectsCell.swift; sourceTree = "<group>"; };
		F61E6D532780DEA7001CF353 /* ProjectsCellModel.swift */ = {isa = PBXFileReference; fileEncoding = 4; lastKnownFileType = sourcecode.swift; path = ProjectsCellModel.swift; sourceTree = "<group>"; };
		F61E6D542780DEA7001CF353 /* ProjectsSectionModel.swift */ = {isa = PBXFileReference; fileEncoding = 4; lastKnownFileType = sourcecode.swift; path = ProjectsSectionModel.swift; sourceTree = "<group>"; };
		F61E6D562780DEA7001CF353 /* ProjectsViewController.swift */ = {isa = PBXFileReference; fileEncoding = 4; lastKnownFileType = sourcecode.swift; path = ProjectsViewController.swift; sourceTree = "<group>"; };
		F61E6D582780DEA7001CF353 /* ProjectsInteractor.swift */ = {isa = PBXFileReference; fileEncoding = 4; lastKnownFileType = sourcecode.swift; path = ProjectsInteractor.swift; sourceTree = "<group>"; };
		F61E6D5B2780DEA7001CF353 /* ProjectsRouter.swift */ = {isa = PBXFileReference; fileEncoding = 4; lastKnownFileType = sourcecode.swift; path = ProjectsRouter.swift; sourceTree = "<group>"; };
		F61E6D6A2780DED4001CF353 /* AchievementsContract.swift */ = {isa = PBXFileReference; fileEncoding = 4; lastKnownFileType = sourcecode.swift; path = AchievementsContract.swift; sourceTree = "<group>"; };
		F61E6D6C2780DED4001CF353 /* AchievementsAssembly.swift */ = {isa = PBXFileReference; fileEncoding = 4; lastKnownFileType = sourcecode.swift; path = AchievementsAssembly.swift; sourceTree = "<group>"; };
		F61E6D6E2780DED4001CF353 /* AchievementsPresenter.swift */ = {isa = PBXFileReference; fileEncoding = 4; lastKnownFileType = sourcecode.swift; path = AchievementsPresenter.swift; sourceTree = "<group>"; };
		F61E6D6F2780DED4001CF353 /* AchievementsPresenterDataSource.swift */ = {isa = PBXFileReference; fileEncoding = 4; lastKnownFileType = sourcecode.swift; path = AchievementsPresenterDataSource.swift; sourceTree = "<group>"; };
		F61E6D722780DED4001CF353 /* AchievementsSectionModel.swift */ = {isa = PBXFileReference; fileEncoding = 4; lastKnownFileType = sourcecode.swift; path = AchievementsSectionModel.swift; sourceTree = "<group>"; };
		F61E6D732780DED4001CF353 /* AchievementsCellModel.swift */ = {isa = PBXFileReference; fileEncoding = 4; lastKnownFileType = sourcecode.swift; path = AchievementsCellModel.swift; sourceTree = "<group>"; };
		F61E6D742780DED4001CF353 /* AchievementsCell.swift */ = {isa = PBXFileReference; fileEncoding = 4; lastKnownFileType = sourcecode.swift; path = AchievementsCell.swift; sourceTree = "<group>"; };
		F61E6D762780DED4001CF353 /* AchievementsViewController.swift */ = {isa = PBXFileReference; fileEncoding = 4; lastKnownFileType = sourcecode.swift; path = AchievementsViewController.swift; sourceTree = "<group>"; };
		F61E6D782780DED4001CF353 /* AchievementsInteractor.swift */ = {isa = PBXFileReference; fileEncoding = 4; lastKnownFileType = sourcecode.swift; path = AchievementsInteractor.swift; sourceTree = "<group>"; };
		F61E6D7B2780DED4001CF353 /* AchievementsRouter.swift */ = {isa = PBXFileReference; fileEncoding = 4; lastKnownFileType = sourcecode.swift; path = AchievementsRouter.swift; sourceTree = "<group>"; };
		F67523E5277F0AB200CCBAC6 /* FilterCellModel.swift */ = {isa = PBXFileReference; lastKnownFileType = sourcecode.swift; path = FilterCellModel.swift; sourceTree = "<group>"; };
		F67523E8277F0AD300CCBAC6 /* FilterModel.swift */ = {isa = PBXFileReference; lastKnownFileType = sourcecode.swift; path = FilterModel.swift; sourceTree = "<group>"; };
		F67523EC277F0B8700CCBAC6 /* SortCell.swift */ = {isa = PBXFileReference; lastKnownFileType = sourcecode.swift; path = SortCell.swift; sourceTree = "<group>"; };
		F67523EE277F0C8B00CCBAC6 /* SortModel.swift */ = {isa = PBXFileReference; lastKnownFileType = sourcecode.swift; path = SortModel.swift; sourceTree = "<group>"; };
		F67523F4277F0FC900CCBAC6 /* HeaderIdentifiable.swift */ = {isa = PBXFileReference; lastKnownFileType = sourcecode.swift; path = HeaderIdentifiable.swift; sourceTree = "<group>"; };
		F69F58CF277A96D300FF0B67 /* SearchUserContract.swift */ = {isa = PBXFileReference; fileEncoding = 4; lastKnownFileType = sourcecode.swift; path = SearchUserContract.swift; sourceTree = "<group>"; };
		F69F58D1277A96D300FF0B67 /* SearchUserAssembly.swift */ = {isa = PBXFileReference; fileEncoding = 4; lastKnownFileType = sourcecode.swift; path = SearchUserAssembly.swift; sourceTree = "<group>"; };
		F69F58D3277A96D300FF0B67 /* SearchUserPresenter.swift */ = {isa = PBXFileReference; fileEncoding = 4; lastKnownFileType = sourcecode.swift; path = SearchUserPresenter.swift; sourceTree = "<group>"; };
		F69F58D4277A96D300FF0B67 /* SearchUserPresenterDataSource.swift */ = {isa = PBXFileReference; fileEncoding = 4; lastKnownFileType = sourcecode.swift; path = SearchUserPresenterDataSource.swift; sourceTree = "<group>"; };
		F69F58D7277A96D300FF0B67 /* SearchUserSection.swift */ = {isa = PBXFileReference; fileEncoding = 4; lastKnownFileType = sourcecode.swift; path = SearchUserSection.swift; sourceTree = "<group>"; };
		F69F58D8277A96D300FF0B67 /* SearchUserCell.swift */ = {isa = PBXFileReference; fileEncoding = 4; lastKnownFileType = sourcecode.swift; path = SearchUserCell.swift; sourceTree = "<group>"; };
		F69F58D9277A96D300FF0B67 /* SearchUserCellModel.swift */ = {isa = PBXFileReference; fileEncoding = 4; lastKnownFileType = sourcecode.swift; path = SearchUserCellModel.swift; sourceTree = "<group>"; };
		F69F58DB277A96D300FF0B67 /* SearchUserViewController.swift */ = {isa = PBXFileReference; fileEncoding = 4; lastKnownFileType = sourcecode.swift; path = SearchUserViewController.swift; sourceTree = "<group>"; };
		F69F58DD277A96D300FF0B67 /* SearchUserInteractor.swift */ = {isa = PBXFileReference; fileEncoding = 4; lastKnownFileType = sourcecode.swift; path = SearchUserInteractor.swift; sourceTree = "<group>"; };
		F69F58E0277A96D300FF0B67 /* SearchUserRouter.swift */ = {isa = PBXFileReference; fileEncoding = 4; lastKnownFileType = sourcecode.swift; path = SearchUserRouter.swift; sourceTree = "<group>"; };
		F69F58ED277AADDA00FF0B67 /* IntraAPIService+GetUsers.swift */ = {isa = PBXFileReference; lastKnownFileType = sourcecode.swift; path = "IntraAPIService+GetUsers.swift"; sourceTree = "<group>"; };
		F6D164C62779E0D400138291 /* UserMainContract.swift */ = {isa = PBXFileReference; fileEncoding = 4; lastKnownFileType = sourcecode.swift; path = UserMainContract.swift; sourceTree = "<group>"; };
		F6D164C82779E0D400138291 /* UserMainAssembly.swift */ = {isa = PBXFileReference; fileEncoding = 4; lastKnownFileType = sourcecode.swift; path = UserMainAssembly.swift; sourceTree = "<group>"; };
		F6D164CA2779E0D400138291 /* UserMainDataSource.swift */ = {isa = PBXFileReference; fileEncoding = 4; lastKnownFileType = sourcecode.swift; path = UserMainDataSource.swift; sourceTree = "<group>"; };
		F6D164CB2779E0D400138291 /* UserMainPresenter.swift */ = {isa = PBXFileReference; fileEncoding = 4; lastKnownFileType = sourcecode.swift; path = UserMainPresenter.swift; sourceTree = "<group>"; };
		F6D164CE2779E0D400138291 /* UserMainCellModel.swift */ = {isa = PBXFileReference; fileEncoding = 4; lastKnownFileType = sourcecode.swift; path = UserMainCellModel.swift; sourceTree = "<group>"; };
		F6D164CF2779E0D400138291 /* UserMainSectionModel.swift */ = {isa = PBXFileReference; fileEncoding = 4; lastKnownFileType = sourcecode.swift; path = UserMainSectionModel.swift; sourceTree = "<group>"; };
		F6D164D02779E0D400138291 /* UserMainCell.swift */ = {isa = PBXFileReference; fileEncoding = 4; lastKnownFileType = sourcecode.swift; path = UserMainCell.swift; sourceTree = "<group>"; };
		F6D164D22779E0D400138291 /* UserMainViewController.swift */ = {isa = PBXFileReference; fileEncoding = 4; lastKnownFileType = sourcecode.swift; path = UserMainViewController.swift; sourceTree = "<group>"; };
		F6D164D42779E0D400138291 /* UserMainInteractor.swift */ = {isa = PBXFileReference; fileEncoding = 4; lastKnownFileType = sourcecode.swift; path = UserMainInteractor.swift; sourceTree = "<group>"; };
		F6D164D72779E0D400138291 /* UserMainRouter.swift */ = {isa = PBXFileReference; fileEncoding = 4; lastKnownFileType = sourcecode.swift; path = UserMainRouter.swift; sourceTree = "<group>"; };
		F6D164E32779E1EA00138291 /* TableViewSectionProtocol.swift */ = {isa = PBXFileReference; lastKnownFileType = sourcecode.swift; path = TableViewSectionProtocol.swift; sourceTree = "<group>"; };
		F6F02C4C277E0EF200157AEF /* TasksSubtitleIconSection.swift */ = {isa = PBXFileReference; fileEncoding = 4; lastKnownFileType = sourcecode.swift; path = TasksSubtitleIconSection.swift; sourceTree = "<group>"; };
		F6F02C4D277E0EF200157AEF /* TasksSubtitleIconCellModel.swift */ = {isa = PBXFileReference; fileEncoding = 4; lastKnownFileType = sourcecode.swift; path = TasksSubtitleIconCellModel.swift; sourceTree = "<group>"; };
		F6F02C4E277E0EF200157AEF /* TasksSubtitleIconCell.swift */ = {isa = PBXFileReference; fileEncoding = 4; lastKnownFileType = sourcecode.swift; path = TasksSubtitleIconCell.swift; sourceTree = "<group>"; };
		F6F02C53277E103300157AEF /* SubtitleIconModel.swift */ = {isa = PBXFileReference; lastKnownFileType = sourcecode.swift; path = SubtitleIconModel.swift; sourceTree = "<group>"; };
		F6F02C57277E133A00157AEF /* UserHeaderModel.swift */ = {isa = PBXFileReference; lastKnownFileType = sourcecode.swift; path = UserHeaderModel.swift; sourceTree = "<group>"; };
		F6F02C59277E1B2D00157AEF /* ProjectUser.swift */ = {isa = PBXFileReference; lastKnownFileType = sourcecode.swift; path = ProjectUser.swift; sourceTree = "<group>"; };
		F6F02C5B277E1BA300157AEF /* AchievementResponse.swift */ = {isa = PBXFileReference; lastKnownFileType = sourcecode.swift; path = AchievementResponse.swift; sourceTree = "<group>"; };
		F6F02C5D277E1CBD00157AEF /* CampusUser.swift */ = {isa = PBXFileReference; lastKnownFileType = sourcecode.swift; path = CampusUser.swift; sourceTree = "<group>"; };
		F6F02C5F277E215100157AEF /* UserHeader.swift */ = {isa = PBXFileReference; lastKnownFileType = sourcecode.swift; path = UserHeader.swift; sourceTree = "<group>"; };
/* End PBXFileReference section */

/* Begin PBXFrameworksBuildPhase section */
		3E439116270094F400C8AC03 /* Frameworks */ = {
			isa = PBXFrameworksBuildPhase;
			buildActionMask = 2147483647;
			files = (
				3E4681D927137E8D001D67C2 /* OrderedCollections in Frameworks */,
			);
			runOnlyForDeploymentPostprocessing = 0;
		};
/* End PBXFrameworksBuildPhase section */

/* Begin PBXGroup section */
		3E439110270094F400C8AC03 = {
			isa = PBXGroup;
			children = (
				3E43911B270094F400C8AC03 /* Events21 */,
				3E43911A270094F400C8AC03 /* Products */,
			);
			sourceTree = "<group>";
		};
		3E43911A270094F400C8AC03 /* Products */ = {
			isa = PBXGroup;
			children = (
				3E439119270094F400C8AC03 /* Events21.app */,
			);
			name = Products;
			sourceTree = "<group>";
		};
		3E43911B270094F400C8AC03 /* Events21 */ = {
			isa = PBXGroup;
			children = (
				EAAEC3FE27009E4700AFD1FC /* Components */,
				EAAEC3F327009E4700AFD1FC /* Contract */,
				EAAEC3F527009E4700AFD1FC /* Entities */,
				EAAEC3F927009E4700AFD1FC /* Extentions */,
				EAAEC3C827009E4700AFD1FC /* Modules */,
				EAAEC3F727009E4700AFD1FC /* Services */,
				F6FCD4432779F6E600FE5C9B /* SupportedFiles */,
			);
			path = Events21;
			sourceTree = "<group>";
		};
		3E5352E82711CAFA00FD0B4C /* IntraAPIService */ = {
			isa = PBXGroup;
			children = (
				EAAEC3F827009E4700AFD1FC /* IntraAPIService.swift */,
				3E5352E92711CB1C00FD0B4C /* IntraAPIService+Auth.swift */,
				3E5352EB2711CB2E00FD0B4C /* IntraAPIService+GetEvents.swift */,
				3E7A369427154D270066F47E /* IntraAPIService+PostDeleteEvents.swift */,
				3E5352ED2711CBB000FD0B4C /* IntraAPIService+GetMe.swift */,
				3E4681D52713242D001D67C2 /* IntraAPIServiceMock.swift */,
				F69F58ED277AADDA00FF0B67 /* IntraAPIService+GetUsers.swift */,
			);
			path = IntraAPIService;
			sourceTree = "<group>";
		};
		3E5352F9271269B000FD0B4C /* Filters */ = {
			isa = PBXGroup;
			children = (
				F67523F0277F0C9800CCBAC6 /* Components */,
				F67523EA277F0B4900CCBAC6 /* Entites */,
				3E5352FA271269B000FD0B4C /* Contract */,
				3E5352FC271269B000FD0B4C /* Assembly */,
				3E5352FE271269B000FD0B4C /* Presenter */,
				3E535301271269B000FD0B4C /* View */,
				3E535303271269B000FD0B4C /* Interactor */,
				3E535305271269B000FD0B4C /* Router */,
			);
			path = Filters;
			sourceTree = "<group>";
		};
		3E5352FA271269B000FD0B4C /* Contract */ = {
			isa = PBXGroup;
			children = (
				3E5352FB271269B000FD0B4C /* EventListFiltersContract.swift */,
			);
			path = Contract;
			sourceTree = "<group>";
		};
		3E5352FC271269B000FD0B4C /* Assembly */ = {
			isa = PBXGroup;
			children = (
				3E5352FD271269B000FD0B4C /* EventListFiltersAssembly.swift */,
			);
			path = Assembly;
			sourceTree = "<group>";
		};
		3E5352FE271269B000FD0B4C /* Presenter */ = {
			isa = PBXGroup;
			children = (
				3E5352FF271269B000FD0B4C /* EventListFiltersDataSource.swift */,
				3E535300271269B000FD0B4C /* EventListFiltersPresenter.swift */,
			);
			path = Presenter;
			sourceTree = "<group>";
		};
		3E535301271269B000FD0B4C /* View */ = {
			isa = PBXGroup;
			children = (
				3E535302271269B000FD0B4C /* EventListFiltersView.swift */,
			);
			path = View;
			sourceTree = "<group>";
		};
		3E535303271269B000FD0B4C /* Interactor */ = {
			isa = PBXGroup;
			children = (
				3E535304271269B000FD0B4C /* EventListFiltersInteractor.swift */,
			);
			path = Interactor;
			sourceTree = "<group>";
		};
		3E535305271269B000FD0B4C /* Router */ = {
			isa = PBXGroup;
			children = (
				3E535306271269B000FD0B4C /* EventListFiltersRouter.swift */,
			);
			path = Router;
			sourceTree = "<group>";
		};
		EAAEC3C827009E4700AFD1FC /* Modules */ = {
			isa = PBXGroup;
			children = (
				F61E6D682780DED4001CF353 /* Achievements */,
				F61E6D482780DEA7001CF353 /* Projects */,
				F61E6D282780DE81001CF353 /* Skills */,
				F69F58CD277A96D300FF0B67 /* SearchUser */,
				F6D164C42779E0D400138291 /* UserMain */,
				EAAEC3D727009E4700AFD1FC /* Authorization */,
				3E5352F9271269B000FD0B4C /* Filters */,
				EAAEC3C927009E4700AFD1FC /* EventList */,
				EAAEC3E527009E4700AFD1FC /* EventDetail */,
			);
			path = Modules;
			sourceTree = "<group>";
		};
		EAAEC3C927009E4700AFD1FC /* EventList */ = {
			isa = PBXGroup;
			children = (
				F67523F2277F0CC000CCBAC6 /* Components */,
				EAAEC3CA27009E4700AFD1FC /* Contract */,
				EAAEC3CC27009E4700AFD1FC /* Assembly */,
				EAAEC3CE27009E4700AFD1FC /* Presenter */,
				EAAEC3D127009E4700AFD1FC /* View */,
				EAAEC3D327009E4700AFD1FC /* Interactor */,
				EAAEC3D527009E4700AFD1FC /* Router */,
			);
			path = EventList;
			sourceTree = "<group>";
		};
		EAAEC3CA27009E4700AFD1FC /* Contract */ = {
			isa = PBXGroup;
			children = (
				EAAEC3CB27009E4700AFD1FC /* EventListContract.swift */,
			);
			path = Contract;
			sourceTree = "<group>";
		};
		EAAEC3CC27009E4700AFD1FC /* Assembly */ = {
			isa = PBXGroup;
			children = (
				EAAEC3CD27009E4700AFD1FC /* EventListAssembly.swift */,
			);
			path = Assembly;
			sourceTree = "<group>";
		};
		EAAEC3CE27009E4700AFD1FC /* Presenter */ = {
			isa = PBXGroup;
			children = (
				EAAEC3CF27009E4700AFD1FC /* EventListDataSource.swift */,
				EAAEC3D027009E4700AFD1FC /* EventListPresenter.swift */,
			);
			path = Presenter;
			sourceTree = "<group>";
		};
		EAAEC3D127009E4700AFD1FC /* View */ = {
			isa = PBXGroup;
			children = (
				EAAEC3D227009E4700AFD1FC /* EventListView.swift */,
			);
			path = View;
			sourceTree = "<group>";
		};
		EAAEC3D327009E4700AFD1FC /* Interactor */ = {
			isa = PBXGroup;
			children = (
				EAAEC3D427009E4700AFD1FC /* EventListInteractor.swift */,
			);
			path = Interactor;
			sourceTree = "<group>";
		};
		EAAEC3D527009E4700AFD1FC /* Router */ = {
			isa = PBXGroup;
			children = (
				EAAEC3D627009E4700AFD1FC /* EventListRouter.swift */,
			);
			path = Router;
			sourceTree = "<group>";
		};
		EAAEC3D727009E4700AFD1FC /* Authorization */ = {
			isa = PBXGroup;
			children = (
				EAAEC3D827009E4700AFD1FC /* Contract */,
				EAAEC3DA27009E4700AFD1FC /* Assembly */,
				EAAEC3DC27009E4700AFD1FC /* Presenter */,
				EAAEC3DF27009E4700AFD1FC /* View */,
				EAAEC3E127009E4700AFD1FC /* Interactor */,
				EAAEC3E327009E4700AFD1FC /* Router */,
			);
			path = Authorization;
			sourceTree = "<group>";
		};
		EAAEC3D827009E4700AFD1FC /* Contract */ = {
			isa = PBXGroup;
			children = (
				EAAEC3D927009E4700AFD1FC /* AuthorizationContract.swift */,
			);
			path = Contract;
			sourceTree = "<group>";
		};
		EAAEC3DA27009E4700AFD1FC /* Assembly */ = {
			isa = PBXGroup;
			children = (
				EAAEC3DB27009E4700AFD1FC /* AuthorizationAssembly.swift */,
			);
			path = Assembly;
			sourceTree = "<group>";
		};
		EAAEC3DC27009E4700AFD1FC /* Presenter */ = {
			isa = PBXGroup;
			children = (
				EAAEC3DD27009E4700AFD1FC /* AuthorizationPresenter.swift */,
				EAAEC3DE27009E4700AFD1FC /* AuthorizationDataSource.swift */,
			);
			path = Presenter;
			sourceTree = "<group>";
		};
		EAAEC3DF27009E4700AFD1FC /* View */ = {
			isa = PBXGroup;
			children = (
				EAAEC3E027009E4700AFD1FC /* AuthorizationViewController.swift */,
			);
			path = View;
			sourceTree = "<group>";
		};
		EAAEC3E127009E4700AFD1FC /* Interactor */ = {
			isa = PBXGroup;
			children = (
				EAAEC3E227009E4700AFD1FC /* AuthorizationInteractor.swift */,
			);
			path = Interactor;
			sourceTree = "<group>";
		};
		EAAEC3E327009E4700AFD1FC /* Router */ = {
			isa = PBXGroup;
			children = (
				EAAEC3E427009E4700AFD1FC /* AuthorizationRouter.swift */,
			);
			path = Router;
			sourceTree = "<group>";
		};
		EAAEC3E527009E4700AFD1FC /* EventDetail */ = {
			isa = PBXGroup;
			children = (
				EAAEC3E627009E4700AFD1FC /* Contract */,
				EAAEC3E827009E4700AFD1FC /* Assembly */,
				EAAEC3EA27009E4700AFD1FC /* Presenter */,
				EAAEC3ED27009E4700AFD1FC /* View */,
				EAAEC3EF27009E4700AFD1FC /* Interactor */,
				EAAEC3F127009E4700AFD1FC /* Router */,
			);
			path = EventDetail;
			sourceTree = "<group>";
		};
		EAAEC3E627009E4700AFD1FC /* Contract */ = {
			isa = PBXGroup;
			children = (
				EAAEC3E727009E4700AFD1FC /* EventDetailContract.swift */,
			);
			path = Contract;
			sourceTree = "<group>";
		};
		EAAEC3E827009E4700AFD1FC /* Assembly */ = {
			isa = PBXGroup;
			children = (
				EAAEC3E927009E4700AFD1FC /* EventDetailAssembly.swift */,
			);
			path = Assembly;
			sourceTree = "<group>";
		};
		EAAEC3EA27009E4700AFD1FC /* Presenter */ = {
			isa = PBXGroup;
			children = (
				EAAEC3EB27009E4700AFD1FC /* EventDetailPresenter.swift */,
				EAAEC3EC27009E4700AFD1FC /* EventDetailDataSource.swift */,
			);
			path = Presenter;
			sourceTree = "<group>";
		};
		EAAEC3ED27009E4700AFD1FC /* View */ = {
			isa = PBXGroup;
			children = (
				EAAEC3EE27009E4700AFD1FC /* EventDetailView.swift */,
			);
			path = View;
			sourceTree = "<group>";
		};
		EAAEC3EF27009E4700AFD1FC /* Interactor */ = {
			isa = PBXGroup;
			children = (
				EAAEC3F027009E4700AFD1FC /* EventDetailInteractor.swift */,
			);
			path = Interactor;
			sourceTree = "<group>";
		};
		EAAEC3F127009E4700AFD1FC /* Router */ = {
			isa = PBXGroup;
			children = (
				EAAEC3F227009E4700AFD1FC /* EventDetailRouter.swift */,
			);
			path = Router;
			sourceTree = "<group>";
		};
		EAAEC3F327009E4700AFD1FC /* Contract */ = {
			isa = PBXGroup;
			children = (
				EAAEC3F427009E4700AFD1FC /* Intra21Contract.swift */,
			);
			path = Contract;
			sourceTree = "<group>";
		};
		EAAEC3F527009E4700AFD1FC /* Entities */ = {
			isa = PBXGroup;
			children = (
				EAAEC3F627009E4700AFD1FC /* EventResponse.swift */,
				3E9714722700C9A800FC2F3F /* TokenResponse.swift */,
				3EB5CF6D2700D89F0011E88C /* UserFullModel.swift */,
				F6F02C5B277E1BA300157AEF /* AchievementResponse.swift */,
				F6F02C59277E1B2D00157AEF /* ProjectUser.swift */,
				3E25B208270E91C7003F3C37 /* IntraAPIError.swift */,
				3E5352E627111BDC00FD0B4C /* EventRegisterResponse.swift */,
				3E5352EF2711D23800FD0B4C /* EventUsersResponse.swift */,
				3E5352F32712254300FD0B4C /* CampusResponse.swift */,
				3E5352F7271226F000FD0B4C /* CursusResponse.swift */,
				3E5352F52712264500FD0B4C /* CursusUserResponse.swift */,
				3EEDD40A2715FE2E005A8017 /* UserShortModel.swift */,
				F6F02C5D277E1CBD00157AEF /* CampusUser.swift */,
			);
			path = Entities;
			sourceTree = "<group>";
		};
		EAAEC3F727009E4700AFD1FC /* Services */ = {
			isa = PBXGroup;
			children = (
				3E5352E82711CAFA00FD0B4C /* IntraAPIService */,
				3EB5CF712700E05D0011E88C /* ImageCashingService.swift */,
				3E7A3692271503960066F47E /* FiltersStorage.swift */,
				3E5352F12711F8A200FD0B4C /* KeychainHelper.swift */,
			);
			path = Services;
			sourceTree = "<group>";
		};
		EAAEC3F927009E4700AFD1FC /* Extentions */ = {
			isa = PBXGroup;
			children = (
				EAAEC3FA27009E4700AFD1FC /* Date+Ext.swift */,
				EAAEC3FB27009E4700AFD1FC /* DataFormatter+Ext.swift */,
				EAAEC3FC27009E4700AFD1FC /* JSONDecoder+Ext.swift */,
				EAAEC3FD27009E4700AFD1FC /* UIWindow+Ext.swift */,
				3E97146F2700C4B900FC2F3F /* String+Ext.swift */,
				3E53531227127F4800FD0B4C /* UITableView+Ext.swift */,
				3E4681DA271380B1001D67C2 /* UserDefaults+Ext.swift */,
				3EA54ABE27178C30007DD11D /* Sequence+Ext.swift */,
				F61A8BDF277A7F44003169CF /* UIimage+Ext.swift */,
			);
			path = Extentions;
			sourceTree = "<group>";
		};
		EAAEC3FE27009E4700AFD1FC /* Components */ = {
			isa = PBXGroup;
			children = (
				EAAEC3FF27009E4700AFD1FC /* UITableViewComponents */,
				3E2E081A271738B300E6B40F /* ToolbarPickerView.swift */,
			);
			path = Components;
			sourceTree = "<group>";
		};
		EAAEC3FF27009E4700AFD1FC /* UITableViewComponents */ = {
			isa = PBXGroup;
			children = (
				EAAEC40727009E4700AFD1FC /* ModelRepresentableProtocol.swift */,
				F6D164E32779E1EA00138291 /* TableViewSectionProtocol.swift */,
				EAAEC40327009E4700AFD1FC /* CellIdentifiable.swift */,
				F67523F4277F0FC900CCBAC6 /* HeaderIdentifiable.swift */,
			);
			path = UITableViewComponents;
			sourceTree = "<group>";
		};
		F61E6D282780DE81001CF353 /* Skills */ = {
			isa = PBXGroup;
			children = (
				F61E6D292780DE81001CF353 /* Contract */,
				F61E6D2B2780DE81001CF353 /* Assembly */,
				F61E6D2D2780DE81001CF353 /* Presenter */,
				F61E6D302780DE81001CF353 /* Components */,
				F61E6D352780DE81001CF353 /* View */,
				F61E6D372780DE81001CF353 /* Interactor */,
				F61E6D392780DE81001CF353 /* Entities */,
				F61E6D3A2780DE81001CF353 /* Router */,
			);
			path = Skills;
			sourceTree = "<group>";
		};
		F61E6D292780DE81001CF353 /* Contract */ = {
			isa = PBXGroup;
			children = (
				F61E6D2A2780DE81001CF353 /* SkillsContract.swift */,
			);
			path = Contract;
			sourceTree = "<group>";
		};
		F61E6D2B2780DE81001CF353 /* Assembly */ = {
			isa = PBXGroup;
			children = (
				F61E6D2C2780DE81001CF353 /* SkillsAssembly.swift */,
			);
			path = Assembly;
			sourceTree = "<group>";
		};
		F61E6D2D2780DE81001CF353 /* Presenter */ = {
			isa = PBXGroup;
			children = (
				F61E6D2E2780DE81001CF353 /* SkillsPresenterDataSource.swift */,
				F61E6D2F2780DE81001CF353 /* SkillsPresenter.swift */,
			);
			path = Presenter;
			sourceTree = "<group>";
		};
		F61E6D302780DE81001CF353 /* Components */ = {
			isa = PBXGroup;
			children = (
				F61E6D312780DE81001CF353 /* UITableViewComponents */,
			);
			path = Components;
			sourceTree = "<group>";
		};
		F61E6D312780DE81001CF353 /* UITableViewComponents */ = {
			isa = PBXGroup;
			children = (
				F61E6D322780DE81001CF353 /* SkillsCellModel.swift */,
				F61E6D332780DE81001CF353 /* SkillsSectionModel.swift */,
				F61E6D342780DE81001CF353 /* SkillsCell.swift */,
			);
			path = UITableViewComponents;
			sourceTree = "<group>";
		};
		F61E6D352780DE81001CF353 /* View */ = {
			isa = PBXGroup;
			children = (
				F61E6D362780DE81001CF353 /* SkillsViewController.swift */,
			);
			path = View;
			sourceTree = "<group>";
		};
		F61E6D372780DE81001CF353 /* Interactor */ = {
			isa = PBXGroup;
			children = (
				F61E6D382780DE81001CF353 /* SkillsInteractor.swift */,
			);
			path = Interactor;
			sourceTree = "<group>";
		};
		F61E6D392780DE81001CF353 /* Entities */ = {
			isa = PBXGroup;
			children = (
			);
			path = Entities;
			sourceTree = "<group>";
		};
		F61E6D3A2780DE81001CF353 /* Router */ = {
			isa = PBXGroup;
			children = (
				F61E6D3B2780DE81001CF353 /* SkillsRouter.swift */,
			);
			path = Router;
			sourceTree = "<group>";
		};
		F61E6D482780DEA7001CF353 /* Projects */ = {
			isa = PBXGroup;
			children = (
				F61E6D492780DEA7001CF353 /* Contract */,
				F61E6D4B2780DEA7001CF353 /* Assembly */,
				F61E6D4D2780DEA7001CF353 /* Presenter */,
				F61E6D502780DEA7001CF353 /* Components */,
				F61E6D552780DEA7001CF353 /* View */,
				F61E6D572780DEA7001CF353 /* Interactor */,
				F61E6D592780DEA7001CF353 /* Entities */,
				F61E6D5A2780DEA7001CF353 /* Router */,
			);
			path = Projects;
			sourceTree = "<group>";
		};
		F61E6D492780DEA7001CF353 /* Contract */ = {
			isa = PBXGroup;
			children = (
				F61E6D4A2780DEA7001CF353 /* ProjectsContract.swift */,
			);
			path = Contract;
			sourceTree = "<group>";
		};
		F61E6D4B2780DEA7001CF353 /* Assembly */ = {
			isa = PBXGroup;
			children = (
				F61E6D4C2780DEA7001CF353 /* ProjectsAssembly.swift */,
			);
			path = Assembly;
			sourceTree = "<group>";
		};
		F61E6D4D2780DEA7001CF353 /* Presenter */ = {
			isa = PBXGroup;
			children = (
				F61E6D4E2780DEA7001CF353 /* ProjectsPresenter.swift */,
				F61E6D4F2780DEA7001CF353 /* ProjectsPresenterDataSource.swift */,
			);
			path = Presenter;
			sourceTree = "<group>";
		};
		F61E6D502780DEA7001CF353 /* Components */ = {
			isa = PBXGroup;
			children = (
				F61E6D512780DEA7001CF353 /* UITableViewComponents */,
			);
			path = Components;
			sourceTree = "<group>";
		};
		F61E6D512780DEA7001CF353 /* UITableViewComponents */ = {
			isa = PBXGroup;
			children = (
				F61E6D522780DEA7001CF353 /* ProjectsCell.swift */,
				F61E6D532780DEA7001CF353 /* ProjectsCellModel.swift */,
				F61E6D542780DEA7001CF353 /* ProjectsSectionModel.swift */,
			);
			path = UITableViewComponents;
			sourceTree = "<group>";
		};
		F61E6D552780DEA7001CF353 /* View */ = {
			isa = PBXGroup;
			children = (
				F61E6D562780DEA7001CF353 /* ProjectsViewController.swift */,
			);
			path = View;
			sourceTree = "<group>";
		};
		F61E6D572780DEA7001CF353 /* Interactor */ = {
			isa = PBXGroup;
			children = (
				F61E6D582780DEA7001CF353 /* ProjectsInteractor.swift */,
			);
			path = Interactor;
			sourceTree = "<group>";
		};
		F61E6D592780DEA7001CF353 /* Entities */ = {
			isa = PBXGroup;
			children = (
			);
			path = Entities;
			sourceTree = "<group>";
		};
		F61E6D5A2780DEA7001CF353 /* Router */ = {
			isa = PBXGroup;
			children = (
				F61E6D5B2780DEA7001CF353 /* ProjectsRouter.swift */,
			);
			path = Router;
			sourceTree = "<group>";
		};
		F61E6D682780DED4001CF353 /* Achievements */ = {
			isa = PBXGroup;
			children = (
				F61E6D692780DED4001CF353 /* Contract */,
				F61E6D6B2780DED4001CF353 /* Assembly */,
				F61E6D6D2780DED4001CF353 /* Presenter */,
				F61E6D702780DED4001CF353 /* Components */,
				F61E6D752780DED4001CF353 /* View */,
				F61E6D772780DED4001CF353 /* Interactor */,
				F61E6D792780DED4001CF353 /* Entities */,
				F61E6D7A2780DED4001CF353 /* Router */,
			);
			path = Achievements;
			sourceTree = "<group>";
		};
		F61E6D692780DED4001CF353 /* Contract */ = {
			isa = PBXGroup;
			children = (
				F61E6D6A2780DED4001CF353 /* AchievementsContract.swift */,
			);
			path = Contract;
			sourceTree = "<group>";
		};
		F61E6D6B2780DED4001CF353 /* Assembly */ = {
			isa = PBXGroup;
			children = (
				F61E6D6C2780DED4001CF353 /* AchievementsAssembly.swift */,
			);
			path = Assembly;
			sourceTree = "<group>";
		};
		F61E6D6D2780DED4001CF353 /* Presenter */ = {
			isa = PBXGroup;
			children = (
				F61E6D6E2780DED4001CF353 /* AchievementsPresenter.swift */,
				F61E6D6F2780DED4001CF353 /* AchievementsPresenterDataSource.swift */,
			);
			path = Presenter;
			sourceTree = "<group>";
		};
		F61E6D702780DED4001CF353 /* Components */ = {
			isa = PBXGroup;
			children = (
				F61E6D712780DED4001CF353 /* UITableViewComponents */,
			);
			path = Components;
			sourceTree = "<group>";
		};
		F61E6D712780DED4001CF353 /* UITableViewComponents */ = {
			isa = PBXGroup;
			children = (
				F61E6D722780DED4001CF353 /* AchievementsSectionModel.swift */,
				F61E6D732780DED4001CF353 /* AchievementsCellModel.swift */,
				F61E6D742780DED4001CF353 /* AchievementsCell.swift */,
			);
			path = UITableViewComponents;
			sourceTree = "<group>";
		};
		F61E6D752780DED4001CF353 /* View */ = {
			isa = PBXGroup;
			children = (
				F61E6D762780DED4001CF353 /* AchievementsViewController.swift */,
			);
			path = View;
			sourceTree = "<group>";
		};
		F61E6D772780DED4001CF353 /* Interactor */ = {
			isa = PBXGroup;
			children = (
				F61E6D782780DED4001CF353 /* AchievementsInteractor.swift */,
			);
			path = Interactor;
			sourceTree = "<group>";
		};
		F61E6D792780DED4001CF353 /* Entities */ = {
			isa = PBXGroup;
			children = (
			);
			path = Entities;
			sourceTree = "<group>";
		};
		F61E6D7A2780DED4001CF353 /* Router */ = {
			isa = PBXGroup;
			children = (
				F61E6D7B2780DED4001CF353 /* AchievementsRouter.swift */,
			);
			path = Router;
			sourceTree = "<group>";
		};
		F67523E4277F0A6100CCBAC6 /* EventListCell */ = {
			isa = PBXGroup;
			children = (
				EAAEC40527009E4700AFD1FC /* EventListSection.swift */,
				EAAEC40127009E4700AFD1FC /* EventListCellModel.swift */,
				EAAEC40227009E4700AFD1FC /* EventListCell.swift */,
			);
			path = EventListCell;
			sourceTree = "<group>";
		};
		F67523E7277F0AC100CCBAC6 /* FilterCell */ = {
			isa = PBXGroup;
			children = (
				3E53531027127D0500FD0B4C /* FilterSectionModel.swift */,
				F67523E5277F0AB200CCBAC6 /* FilterCellModel.swift */,
				3E53530E271273BE00FD0B4C /* FilterCell.swift */,
			);
			path = FilterCell;
			sourceTree = "<group>";
		};
		F67523EA277F0B4900CCBAC6 /* Entites */ = {
			isa = PBXGroup;
			children = (
				F67523E8277F0AD300CCBAC6 /* FilterModel.swift */,
				F67523EE277F0C8B00CCBAC6 /* SortModel.swift */,
			);
			path = Entites;
			sourceTree = "<group>";
		};
		F67523EB277F0B7B00CCBAC6 /* SortCell */ = {
			isa = PBXGroup;
			children = (
				3E2E081727171D4C00E6B40F /* SortSectionModel.swift */,
				3E2E081327170AF700E6B40F /* SortCellModel.swift */,
				F67523EC277F0B8700CCBAC6 /* SortCell.swift */,
			);
			path = SortCell;
			sourceTree = "<group>";
		};
		F67523F0277F0C9800CCBAC6 /* Components */ = {
			isa = PBXGroup;
			children = (
				F67523F1277F0CA500CCBAC6 /* UITableViewComponents */,
			);
			path = Components;
			sourceTree = "<group>";
		};
		F67523F1277F0CA500CCBAC6 /* UITableViewComponents */ = {
			isa = PBXGroup;
			children = (
				F67523E7277F0AC100CCBAC6 /* FilterCell */,
				F67523EB277F0B7B00CCBAC6 /* SortCell */,
			);
			path = UITableViewComponents;
			sourceTree = "<group>";
		};
		F67523F2277F0CC000CCBAC6 /* Components */ = {
			isa = PBXGroup;
			children = (
				F67523F3277F0CC500CCBAC6 /* UITableViewComponents */,
			);
			path = Components;
			sourceTree = "<group>";
		};
		F67523F3277F0CC500CCBAC6 /* UITableViewComponents */ = {
			isa = PBXGroup;
			children = (
				F67523E4277F0A6100CCBAC6 /* EventListCell */,
			);
			path = UITableViewComponents;
			sourceTree = "<group>";
		};
		F69F58CD277A96D300FF0B67 /* SearchUser */ = {
			isa = PBXGroup;
			children = (
				F69F58CE277A96D300FF0B67 /* Contract */,
				F69F58D0277A96D300FF0B67 /* Assembly */,
				F69F58D2277A96D300FF0B67 /* Presenter */,
				F69F58D5277A96D300FF0B67 /* Components */,
				F69F58DA277A96D300FF0B67 /* View */,
				F69F58DC277A96D300FF0B67 /* Interactor */,
				F69F58DE277A96D300FF0B67 /* Entities */,
				F69F58DF277A96D300FF0B67 /* Router */,
			);
			path = SearchUser;
			sourceTree = "<group>";
		};
		F69F58CE277A96D300FF0B67 /* Contract */ = {
			isa = PBXGroup;
			children = (
				F69F58CF277A96D300FF0B67 /* SearchUserContract.swift */,
			);
			path = Contract;
			sourceTree = "<group>";
		};
		F69F58D0277A96D300FF0B67 /* Assembly */ = {
			isa = PBXGroup;
			children = (
				F69F58D1277A96D300FF0B67 /* SearchUserAssembly.swift */,
			);
			path = Assembly;
			sourceTree = "<group>";
		};
		F69F58D2277A96D300FF0B67 /* Presenter */ = {
			isa = PBXGroup;
			children = (
				F69F58D3277A96D300FF0B67 /* SearchUserPresenter.swift */,
				F69F58D4277A96D300FF0B67 /* SearchUserPresenterDataSource.swift */,
			);
			path = Presenter;
			sourceTree = "<group>";
		};
		F69F58D5277A96D300FF0B67 /* Components */ = {
			isa = PBXGroup;
			children = (
				F69F58D6277A96D300FF0B67 /* UITableViewComponents */,
			);
			path = Components;
			sourceTree = "<group>";
		};
		F69F58D6277A96D300FF0B67 /* UITableViewComponents */ = {
			isa = PBXGroup;
			children = (
				F69F58D7277A96D300FF0B67 /* SearchUserSection.swift */,
				F69F58D8277A96D300FF0B67 /* SearchUserCell.swift */,
				F69F58D9277A96D300FF0B67 /* SearchUserCellModel.swift */,
			);
			path = UITableViewComponents;
			sourceTree = "<group>";
		};
		F69F58DA277A96D300FF0B67 /* View */ = {
			isa = PBXGroup;
			children = (
				F69F58DB277A96D300FF0B67 /* SearchUserViewController.swift */,
			);
			path = View;
			sourceTree = "<group>";
		};
		F69F58DC277A96D300FF0B67 /* Interactor */ = {
			isa = PBXGroup;
			children = (
				F69F58DD277A96D300FF0B67 /* SearchUserInteractor.swift */,
			);
			path = Interactor;
			sourceTree = "<group>";
		};
		F69F58DE277A96D300FF0B67 /* Entities */ = {
			isa = PBXGroup;
			children = (
			);
			path = Entities;
			sourceTree = "<group>";
		};
		F69F58DF277A96D300FF0B67 /* Router */ = {
			isa = PBXGroup;
			children = (
				F69F58E0277A96D300FF0B67 /* SearchUserRouter.swift */,
			);
			path = Router;
			sourceTree = "<group>";
		};
		F6D164C42779E0D400138291 /* UserMain */ = {
			isa = PBXGroup;
			children = (
				F6D164C52779E0D400138291 /* Contract */,
				F6D164C72779E0D400138291 /* Assembly */,
				F6D164C92779E0D400138291 /* Presenter */,
				F6D164CC2779E0D400138291 /* Components */,
				F6D164D12779E0D400138291 /* View */,
				F6D164D32779E0D400138291 /* Interactor */,
				F6D164D52779E0D400138291 /* Entities */,
				F6D164D62779E0D400138291 /* Router */,
			);
			path = UserMain;
			sourceTree = "<group>";
		};
		F6D164C52779E0D400138291 /* Contract */ = {
			isa = PBXGroup;
			children = (
				F6D164C62779E0D400138291 /* UserMainContract.swift */,
			);
			path = Contract;
			sourceTree = "<group>";
		};
		F6D164C72779E0D400138291 /* Assembly */ = {
			isa = PBXGroup;
			children = (
				F6D164C82779E0D400138291 /* UserMainAssembly.swift */,
			);
			path = Assembly;
			sourceTree = "<group>";
		};
		F6D164C92779E0D400138291 /* Presenter */ = {
			isa = PBXGroup;
			children = (
				F6D164CA2779E0D400138291 /* UserMainDataSource.swift */,
				F6D164CB2779E0D400138291 /* UserMainPresenter.swift */,
			);
			path = Presenter;
			sourceTree = "<group>";
		};
		F6D164CC2779E0D400138291 /* Components */ = {
			isa = PBXGroup;
			children = (
				F6D164CD2779E0D400138291 /* UITableViewComponents */,
			);
			path = Components;
			sourceTree = "<group>";
		};
		F6D164CD2779E0D400138291 /* UITableViewComponents */ = {
			isa = PBXGroup;
			children = (
				F6F02C55277E12FC00157AEF /* UserHeader */,
				F6F02C4B277E0EF200157AEF /* SubtitleIconCell */,
				F6F02C4A277E0ED800157AEF /* UserMainCell */,
			);
			path = UITableViewComponents;
			sourceTree = "<group>";
		};
		F6D164D12779E0D400138291 /* View */ = {
			isa = PBXGroup;
			children = (
				F6D164D22779E0D400138291 /* UserMainViewController.swift */,
			);
			path = View;
			sourceTree = "<group>";
		};
		F6D164D32779E0D400138291 /* Interactor */ = {
			isa = PBXGroup;
			children = (
				F6D164D42779E0D400138291 /* UserMainInteractor.swift */,
			);
			path = Interactor;
			sourceTree = "<group>";
		};
		F6D164D52779E0D400138291 /* Entities */ = {
			isa = PBXGroup;
			children = (
				F6F02C53277E103300157AEF /* SubtitleIconModel.swift */,
			);
			path = Entities;
			sourceTree = "<group>";
		};
		F6D164D62779E0D400138291 /* Router */ = {
			isa = PBXGroup;
			children = (
				F6D164D72779E0D400138291 /* UserMainRouter.swift */,
			);
			path = Router;
			sourceTree = "<group>";
		};
		F6F02C4A277E0ED800157AEF /* UserMainCell */ = {
			isa = PBXGroup;
			children = (
				F6D164CE2779E0D400138291 /* UserMainCellModel.swift */,
				F6D164CF2779E0D400138291 /* UserMainSectionModel.swift */,
				F6D164D02779E0D400138291 /* UserMainCell.swift */,
			);
			path = UserMainCell;
			sourceTree = "<group>";
		};
		F6F02C4B277E0EF200157AEF /* SubtitleIconCell */ = {
			isa = PBXGroup;
			children = (
				F6F02C4C277E0EF200157AEF /* TasksSubtitleIconSection.swift */,
				F6F02C4D277E0EF200157AEF /* TasksSubtitleIconCellModel.swift */,
				F6F02C4E277E0EF200157AEF /* TasksSubtitleIconCell.swift */,
			);
			path = SubtitleIconCell;
			sourceTree = "<group>";
		};
		F6F02C55277E12FC00157AEF /* UserHeader */ = {
			isa = PBXGroup;
			children = (
				F6F02C57277E133A00157AEF /* UserHeaderModel.swift */,
				F6F02C5F277E215100157AEF /* UserHeader.swift */,
			);
			path = UserHeader;
			sourceTree = "<group>";
		};
		F6FCD4432779F6E600FE5C9B /* SupportedFiles */ = {
			isa = PBXGroup;
			children = (
				3E43911C270094F400C8AC03 /* AppDelegate.swift */,
				3E43911E270094F400C8AC03 /* SceneDelegate.swift */,
				3E439125270094F600C8AC03 /* Assets.xcassets */,
				3E439127270094F600C8AC03 /* LaunchScreen.storyboard */,
				3E43912A270094F600C8AC03 /* Info.plist */,
			);
			path = SupportedFiles;
			sourceTree = "<group>";
		};
/* End PBXGroup section */

/* Begin PBXNativeTarget section */
		3E439118270094F400C8AC03 /* Events21 */ = {
			isa = PBXNativeTarget;
			buildConfigurationList = 3E43912D270094F600C8AC03 /* Build configuration list for PBXNativeTarget "Events21" */;
			buildPhases = (
				3E439115270094F400C8AC03 /* Sources */,
				3E439116270094F400C8AC03 /* Frameworks */,
				3E439117270094F400C8AC03 /* Resources */,
			);
			buildRules = (
			);
			dependencies = (
			);
			name = Events21;
			packageProductDependencies = (
				3E4681D827137E8D001D67C2 /* OrderedCollections */,
			);
			productName = Events21;
			productReference = 3E439119270094F400C8AC03 /* Events21.app */;
			productType = "com.apple.product-type.application";
		};
/* End PBXNativeTarget section */

/* Begin PBXProject section */
		3E439111270094F400C8AC03 /* Project object */ = {
			isa = PBXProject;
			attributes = {
				LastSwiftUpdateCheck = 1220;
				LastUpgradeCheck = 1220;
				TargetAttributes = {
					3E439118270094F400C8AC03 = {
						CreatedOnToolsVersion = 12.2;
					};
				};
			};
			buildConfigurationList = 3E439114270094F400C8AC03 /* Build configuration list for PBXProject "Events21" */;
			compatibilityVersion = "Xcode 9.3";
			developmentRegion = en;
			hasScannedForEncodings = 0;
			knownRegions = (
				en,
				Base,
			);
			mainGroup = 3E439110270094F400C8AC03;
			packageReferences = (
				3E4681D727137E8D001D67C2 /* XCRemoteSwiftPackageReference "swift-collections" */,
			);
			productRefGroup = 3E43911A270094F400C8AC03 /* Products */;
			projectDirPath = "";
			projectRoot = "";
			targets = (
				3E439118270094F400C8AC03 /* Events21 */,
			);
		};
/* End PBXProject section */

/* Begin PBXResourcesBuildPhase section */
		3E439117270094F400C8AC03 /* Resources */ = {
			isa = PBXResourcesBuildPhase;
			buildActionMask = 2147483647;
			files = (
				3E439129270094F600C8AC03 /* LaunchScreen.storyboard in Resources */,
				3E439126270094F600C8AC03 /* Assets.xcassets in Resources */,
			);
			runOnlyForDeploymentPostprocessing = 0;
		};
/* End PBXResourcesBuildPhase section */

/* Begin PBXSourcesBuildPhase section */
		3E439115270094F400C8AC03 /* Sources */ = {
			isa = PBXSourcesBuildPhase;
			buildActionMask = 2147483647;
			files = (
				F61E6D642780DEA7001CF353 /* ProjectsInteractor.swift in Sources */,
				F61E6D822780DED5001CF353 /* AchievementsCell.swift in Sources */,
				EAAEC42927009E4700AFD1FC /* ModelRepresentableProtocol.swift in Sources */,
				F61E6D5D2780DEA7001CF353 /* ProjectsAssembly.swift in Sources */,
				F67523ED277F0B8700CCBAC6 /* SortCell.swift in Sources */,
				F61E6D442780DE81001CF353 /* SkillsInteractor.swift in Sources */,
				3E2E081B271738B300E6B40F /* ToolbarPickerView.swift in Sources */,
				F69F58E7277A96D300FF0B67 /* SearchUserCellModel.swift in Sources */,
				EAAEC42027009E4700AFD1FC /* Date+Ext.swift in Sources */,
				EAAEC42327009E4700AFD1FC /* UIWindow+Ext.swift in Sources */,
				3E7A369527154D270066F47E /* IntraAPIService+PostDeleteEvents.swift in Sources */,
				F61E6D7E2780DED5001CF353 /* AchievementsPresenter.swift in Sources */,
				3E4681D62713242D001D67C2 /* IntraAPIServiceMock.swift in Sources */,
				3E5352EA2711CB1C00FD0B4C /* IntraAPIService+Auth.swift in Sources */,
				EAAEC41327009E4700AFD1FC /* AuthorizationViewController.swift in Sources */,
				EAAEC41F27009E4700AFD1FC /* IntraAPIService.swift in Sources */,
				F6D164DD2779E0D400138291 /* UserMainSectionModel.swift in Sources */,
				F6F02C60277E215100157AEF /* UserHeader.swift in Sources */,
				EAAEC41627009E4700AFD1FC /* EventDetailContract.swift in Sources */,
				F61E6D832780DED5001CF353 /* AchievementsViewController.swift in Sources */,
				F61E6D452780DE81001CF353 /* SkillsRouter.swift in Sources */,
				3E5352F42712254300FD0B4C /* CampusResponse.swift in Sources */,
				F61E6D5F2780DEA7001CF353 /* ProjectsPresenterDataSource.swift in Sources */,
				F61E6D7D2780DED5001CF353 /* AchievementsAssembly.swift in Sources */,
				EAAEC41A27009E4700AFD1FC /* EventDetailView.swift in Sources */,
				F6F02C5A277E1B2D00157AEF /* ProjectUser.swift in Sources */,
				F61E6D812780DED5001CF353 /* AchievementsCellModel.swift in Sources */,
				3E53530B271269B000FD0B4C /* EventListFiltersView.swift in Sources */,
				F61E6D802780DED5001CF353 /* AchievementsSectionModel.swift in Sources */,
				F69F58E9277A96D300FF0B67 /* SearchUserInteractor.swift in Sources */,
				F61E6D5C2780DEA7001CF353 /* ProjectsContract.swift in Sources */,
				3E7A3693271503960066F47E /* FiltersStorage.swift in Sources */,
				F61E6D652780DEA7001CF353 /* ProjectsRouter.swift in Sources */,
				EAAEC41127009E4700AFD1FC /* AuthorizationPresenter.swift in Sources */,
				F6F02C5C277E1BA300157AEF /* AchievementResponse.swift in Sources */,
				F6F02C51277E0EF200157AEF /* TasksSubtitleIconCell.swift in Sources */,
				EAAEC41427009E4700AFD1FC /* AuthorizationInteractor.swift in Sources */,
				EAAEC42627009E4700AFD1FC /* CellIdentifiable.swift in Sources */,
				F6D164DF2779E0D400138291 /* UserMainViewController.swift in Sources */,
				F6D164E42779E1EA00138291 /* TableViewSectionProtocol.swift in Sources */,
				F67523EF277F0C8B00CCBAC6 /* SortModel.swift in Sources */,
				3E535307271269B000FD0B4C /* EventListFiltersContract.swift in Sources */,
				F6F02C54277E103300157AEF /* SubtitleIconModel.swift in Sources */,
				EAAEC40C27009E4700AFD1FC /* EventListView.swift in Sources */,
				F69F58EA277A96D300FF0B67 /* SearchUserRouter.swift in Sources */,
				F6D164DC2779E0D400138291 /* UserMainCellModel.swift in Sources */,
				F6F02C50277E0EF200157AEF /* TasksSubtitleIconCellModel.swift in Sources */,
				3E53530F271273BE00FD0B4C /* FilterCell.swift in Sources */,
				F69F58EE277AADDB00FF0B67 /* IntraAPIService+GetUsers.swift in Sources */,
				F61A8BE0277A7F44003169CF /* UIimage+Ext.swift in Sources */,
				3E5352F22711F8A200FD0B4C /* KeychainHelper.swift in Sources */,
				F69F58E6277A96D300FF0B67 /* SearchUserCell.swift in Sources */,
				F61E6D402780DE81001CF353 /* SkillsCellModel.swift in Sources */,
				EAAEC42127009E4700AFD1FC /* DataFormatter+Ext.swift in Sources */,
				EAAEC42427009E4700AFD1FC /* EventListCellModel.swift in Sources */,
				3EB5CF722700E05D0011E88C /* ImageCashingService.swift in Sources */,
				3E2E081427170AF700E6B40F /* SortCellModel.swift in Sources */,
				F61E6D3E2780DE81001CF353 /* SkillsPresenterDataSource.swift in Sources */,
				3E5352E727111BDC00FD0B4C /* EventRegisterResponse.swift in Sources */,
				EAAEC40D27009E4700AFD1FC /* EventListInteractor.swift in Sources */,
				EAAEC42527009E4700AFD1FC /* EventListCell.swift in Sources */,
				3EA54ABF27178C30007DD11D /* Sequence+Ext.swift in Sources */,
				F6F02C58277E133A00157AEF /* UserHeaderModel.swift in Sources */,
				EAAEC41B27009E4700AFD1FC /* EventDetailInteractor.swift in Sources */,
				3E5352EC2711CB2E00FD0B4C /* IntraAPIService+GetEvents.swift in Sources */,
				F6D164E02779E0D400138291 /* UserMainInteractor.swift in Sources */,
				F61E6D7F2780DED5001CF353 /* AchievementsPresenterDataSource.swift in Sources */,
				F67523E6277F0AB200CCBAC6 /* FilterCellModel.swift in Sources */,
				F61E6D5E2780DEA7001CF353 /* ProjectsPresenter.swift in Sources */,
				F61E6D632780DEA7001CF353 /* ProjectsViewController.swift in Sources */,
				3E25B209270E91C7003F3C37 /* IntraAPIError.swift in Sources */,
				EAAEC42727009E4700AFD1FC /* EventListSection.swift in Sources */,
				F61E6D432780DE81001CF353 /* SkillsViewController.swift in Sources */,
				3EB5CF6E2700D89F0011E88C /* UserFullModel.swift in Sources */,
				3E5352F02711D23800FD0B4C /* EventUsersResponse.swift in Sources */,
				EAAEC41927009E4700AFD1FC /* EventDetailDataSource.swift in Sources */,
				F61E6D7C2780DED4001CF353 /* AchievementsContract.swift in Sources */,
				EAAEC40927009E4700AFD1FC /* EventListAssembly.swift in Sources */,
				F61E6D3F2780DE81001CF353 /* SkillsPresenter.swift in Sources */,
				EAAEC41C27009E4700AFD1FC /* EventDetailRouter.swift in Sources */,
				F69F58E2277A96D300FF0B67 /* SearchUserAssembly.swift in Sources */,
				3E53531127127D0500FD0B4C /* FilterSectionModel.swift in Sources */,
				EAAEC41527009E4700AFD1FC /* AuthorizationRouter.swift in Sources */,
				F6D164DB2779E0D400138291 /* UserMainPresenter.swift in Sources */,
				F6D164D82779E0D400138291 /* UserMainContract.swift in Sources */,
				3E9714702700C4B900FC2F3F /* String+Ext.swift in Sources */,
				F69F58E1277A96D300FF0B67 /* SearchUserContract.swift in Sources */,
				EAAEC41727009E4700AFD1FC /* EventDetailAssembly.swift in Sources */,
				F61E6D842780DED5001CF353 /* AchievementsInteractor.swift in Sources */,
				F67523F5277F0FC900CCBAC6 /* HeaderIdentifiable.swift in Sources */,
				F69F58E8277A96D300FF0B67 /* SearchUserViewController.swift in Sources */,
				3EEDD40B2715FE2E005A8017 /* UserShortModel.swift in Sources */,
				F6F02C4F277E0EF200157AEF /* TasksSubtitleIconSection.swift in Sources */,
				F61E6D622780DEA7001CF353 /* ProjectsSectionModel.swift in Sources */,
				3E53530A271269B000FD0B4C /* EventListFiltersPresenter.swift in Sources */,
				F61E6D3D2780DE81001CF353 /* SkillsAssembly.swift in Sources */,
				3E43911D270094F400C8AC03 /* AppDelegate.swift in Sources */,
				F61E6D422780DE81001CF353 /* SkillsCell.swift in Sources */,
				F67523E9277F0AD300CCBAC6 /* FilterModel.swift in Sources */,
				3E53530D271269B000FD0B4C /* EventListFiltersRouter.swift in Sources */,
				EAAEC41027009E4700AFD1FC /* AuthorizationAssembly.swift in Sources */,
				F6D164DA2779E0D400138291 /* UserMainDataSource.swift in Sources */,
				F61E6D3C2780DE81001CF353 /* SkillsContract.swift in Sources */,
				3E4681DB271380B1001D67C2 /* UserDefaults+Ext.swift in Sources */,
				3E2E081827171D4C00E6B40F /* SortSectionModel.swift in Sources */,
				F6D164E12779E0D400138291 /* UserMainRouter.swift in Sources */,
				F6D164D92779E0D400138291 /* UserMainAssembly.swift in Sources */,
				3E5352EE2711CBB000FD0B4C /* IntraAPIService+GetMe.swift in Sources */,
				F6D164DE2779E0D400138291 /* UserMainCell.swift in Sources */,
				3E5352F62712264500FD0B4C /* CursusUserResponse.swift in Sources */,
				3E9714732700C9A800FC2F3F /* TokenResponse.swift in Sources */,
				F61E6D852780DED5001CF353 /* AchievementsRouter.swift in Sources */,
				F61E6D412780DE81001CF353 /* SkillsSectionModel.swift in Sources */,
				EAAEC41E27009E4700AFD1FC /* EventResponse.swift in Sources */,
				EAAEC40E27009E4700AFD1FC /* EventListRouter.swift in Sources */,
				3E535309271269B000FD0B4C /* EventListFiltersDataSource.swift in Sources */,
				3E535308271269B000FD0B4C /* EventListFiltersAssembly.swift in Sources */,
				F61E6D612780DEA7001CF353 /* ProjectsCellModel.swift in Sources */,
				EAAEC41227009E4700AFD1FC /* AuthorizationDataSource.swift in Sources */,
				3E53530C271269B000FD0B4C /* EventListFiltersInteractor.swift in Sources */,
				F69F58E3277A96D300FF0B67 /* SearchUserPresenter.swift in Sources */,
				3E5352F8271226F000FD0B4C /* CursusResponse.swift in Sources */,
				EAAEC40827009E4700AFD1FC /* EventListContract.swift in Sources */,
				F69F58E4277A96D300FF0B67 /* SearchUserPresenterDataSource.swift in Sources */,
				EAAEC41827009E4700AFD1FC /* EventDetailPresenter.swift in Sources */,
				EAAEC40B27009E4700AFD1FC /* EventListPresenter.swift in Sources */,
				EAAEC40F27009E4700AFD1FC /* AuthorizationContract.swift in Sources */,
				EAAEC40A27009E4700AFD1FC /* EventListDataSource.swift in Sources */,
				3E43911F270094F400C8AC03 /* SceneDelegate.swift in Sources */,
				F6F02C5E277E1CBD00157AEF /* CampusUser.swift in Sources */,
				F69F58E5277A96D300FF0B67 /* SearchUserSection.swift in Sources */,
				3E53531327127F4800FD0B4C /* UITableView+Ext.swift in Sources */,
				EAAEC41D27009E4700AFD1FC /* Intra21Contract.swift in Sources */,
				EAAEC42227009E4700AFD1FC /* JSONDecoder+Ext.swift in Sources */,
				F61E6D602780DEA7001CF353 /* ProjectsCell.swift in Sources */,
			);
			runOnlyForDeploymentPostprocessing = 0;
		};
/* End PBXSourcesBuildPhase section */

/* Begin PBXVariantGroup section */
		3E439127270094F600C8AC03 /* LaunchScreen.storyboard */ = {
			isa = PBXVariantGroup;
			children = (
				3E439128270094F600C8AC03 /* Base */,
			);
			name = LaunchScreen.storyboard;
			sourceTree = "<group>";
		};
/* End PBXVariantGroup section */

/* Begin XCBuildConfiguration section */
		3E43912B270094F600C8AC03 /* Debug */ = {
			isa = XCBuildConfiguration;
			buildSettings = {
				ALWAYS_SEARCH_USER_PATHS = NO;
				CLANG_ANALYZER_NONNULL = YES;
				CLANG_ANALYZER_NUMBER_OBJECT_CONVERSION = YES_AGGRESSIVE;
				CLANG_CXX_LANGUAGE_STANDARD = "gnu++14";
				CLANG_CXX_LIBRARY = "libc++";
				CLANG_ENABLE_MODULES = YES;
				CLANG_ENABLE_OBJC_ARC = YES;
				CLANG_ENABLE_OBJC_WEAK = YES;
				CLANG_WARN_BLOCK_CAPTURE_AUTORELEASING = YES;
				CLANG_WARN_BOOL_CONVERSION = YES;
				CLANG_WARN_COMMA = YES;
				CLANG_WARN_CONSTANT_CONVERSION = YES;
				CLANG_WARN_DEPRECATED_OBJC_IMPLEMENTATIONS = YES;
				CLANG_WARN_DIRECT_OBJC_ISA_USAGE = YES_ERROR;
				CLANG_WARN_DOCUMENTATION_COMMENTS = YES;
				CLANG_WARN_EMPTY_BODY = YES;
				CLANG_WARN_ENUM_CONVERSION = YES;
				CLANG_WARN_INFINITE_RECURSION = YES;
				CLANG_WARN_INT_CONVERSION = YES;
				CLANG_WARN_NON_LITERAL_NULL_CONVERSION = YES;
				CLANG_WARN_OBJC_IMPLICIT_RETAIN_SELF = YES;
				CLANG_WARN_OBJC_LITERAL_CONVERSION = YES;
				CLANG_WARN_OBJC_ROOT_CLASS = YES_ERROR;
				CLANG_WARN_QUOTED_INCLUDE_IN_FRAMEWORK_HEADER = YES;
				CLANG_WARN_RANGE_LOOP_ANALYSIS = YES;
				CLANG_WARN_STRICT_PROTOTYPES = YES;
				CLANG_WARN_SUSPICIOUS_MOVE = YES;
				CLANG_WARN_UNGUARDED_AVAILABILITY = YES_AGGRESSIVE;
				CLANG_WARN_UNREACHABLE_CODE = YES;
				CLANG_WARN__DUPLICATE_METHOD_MATCH = YES;
				COPY_PHASE_STRIP = NO;
				DEBUG_INFORMATION_FORMAT = dwarf;
				ENABLE_STRICT_OBJC_MSGSEND = YES;
				ENABLE_TESTABILITY = YES;
				GCC_C_LANGUAGE_STANDARD = gnu11;
				GCC_DYNAMIC_NO_PIC = NO;
				GCC_NO_COMMON_BLOCKS = YES;
				GCC_OPTIMIZATION_LEVEL = 0;
				GCC_PREPROCESSOR_DEFINITIONS = (
					"DEBUG=1",
					"$(inherited)",
				);
				GCC_WARN_64_TO_32_BIT_CONVERSION = YES;
				GCC_WARN_ABOUT_RETURN_TYPE = YES_ERROR;
				GCC_WARN_UNDECLARED_SELECTOR = YES;
				GCC_WARN_UNINITIALIZED_AUTOS = YES_AGGRESSIVE;
				GCC_WARN_UNUSED_FUNCTION = YES;
				GCC_WARN_UNUSED_VARIABLE = YES;
				IPHONEOS_DEPLOYMENT_TARGET = 14.2;
				MTL_ENABLE_DEBUG_INFO = INCLUDE_SOURCE;
				MTL_FAST_MATH = YES;
				ONLY_ACTIVE_ARCH = YES;
				SDKROOT = iphoneos;
				SWIFT_ACTIVE_COMPILATION_CONDITIONS = DEBUG;
				SWIFT_OPTIMIZATION_LEVEL = "-Onone";
			};
			name = Debug;
		};
		3E43912C270094F600C8AC03 /* Release */ = {
			isa = XCBuildConfiguration;
			buildSettings = {
				ALWAYS_SEARCH_USER_PATHS = NO;
				CLANG_ANALYZER_NONNULL = YES;
				CLANG_ANALYZER_NUMBER_OBJECT_CONVERSION = YES_AGGRESSIVE;
				CLANG_CXX_LANGUAGE_STANDARD = "gnu++14";
				CLANG_CXX_LIBRARY = "libc++";
				CLANG_ENABLE_MODULES = YES;
				CLANG_ENABLE_OBJC_ARC = YES;
				CLANG_ENABLE_OBJC_WEAK = YES;
				CLANG_WARN_BLOCK_CAPTURE_AUTORELEASING = YES;
				CLANG_WARN_BOOL_CONVERSION = YES;
				CLANG_WARN_COMMA = YES;
				CLANG_WARN_CONSTANT_CONVERSION = YES;
				CLANG_WARN_DEPRECATED_OBJC_IMPLEMENTATIONS = YES;
				CLANG_WARN_DIRECT_OBJC_ISA_USAGE = YES_ERROR;
				CLANG_WARN_DOCUMENTATION_COMMENTS = YES;
				CLANG_WARN_EMPTY_BODY = YES;
				CLANG_WARN_ENUM_CONVERSION = YES;
				CLANG_WARN_INFINITE_RECURSION = YES;
				CLANG_WARN_INT_CONVERSION = YES;
				CLANG_WARN_NON_LITERAL_NULL_CONVERSION = YES;
				CLANG_WARN_OBJC_IMPLICIT_RETAIN_SELF = YES;
				CLANG_WARN_OBJC_LITERAL_CONVERSION = YES;
				CLANG_WARN_OBJC_ROOT_CLASS = YES_ERROR;
				CLANG_WARN_QUOTED_INCLUDE_IN_FRAMEWORK_HEADER = YES;
				CLANG_WARN_RANGE_LOOP_ANALYSIS = YES;
				CLANG_WARN_STRICT_PROTOTYPES = YES;
				CLANG_WARN_SUSPICIOUS_MOVE = YES;
				CLANG_WARN_UNGUARDED_AVAILABILITY = YES_AGGRESSIVE;
				CLANG_WARN_UNREACHABLE_CODE = YES;
				CLANG_WARN__DUPLICATE_METHOD_MATCH = YES;
				COPY_PHASE_STRIP = NO;
				DEBUG_INFORMATION_FORMAT = "dwarf-with-dsym";
				ENABLE_NS_ASSERTIONS = NO;
				ENABLE_STRICT_OBJC_MSGSEND = YES;
				GCC_C_LANGUAGE_STANDARD = gnu11;
				GCC_NO_COMMON_BLOCKS = YES;
				GCC_WARN_64_TO_32_BIT_CONVERSION = YES;
				GCC_WARN_ABOUT_RETURN_TYPE = YES_ERROR;
				GCC_WARN_UNDECLARED_SELECTOR = YES;
				GCC_WARN_UNINITIALIZED_AUTOS = YES_AGGRESSIVE;
				GCC_WARN_UNUSED_FUNCTION = YES;
				GCC_WARN_UNUSED_VARIABLE = YES;
				IPHONEOS_DEPLOYMENT_TARGET = 14.2;
				MTL_ENABLE_DEBUG_INFO = NO;
				MTL_FAST_MATH = YES;
				SDKROOT = iphoneos;
				SWIFT_COMPILATION_MODE = wholemodule;
				SWIFT_OPTIMIZATION_LEVEL = "-O";
				VALIDATE_PRODUCT = YES;
			};
			name = Release;
		};
		3E43912E270094F600C8AC03 /* Debug */ = {
			isa = XCBuildConfiguration;
			buildSettings = {
				ASSETCATALOG_COMPILER_GLOBAL_ACCENT_COLOR_NAME = AccentColor;
				CODE_SIGN_STYLE = Automatic;
				DEVELOPMENT_TEAM = L63NHFJ3AD;
				INFOPLIST_FILE = Events21/SupportedFiles/Info.plist;
				LD_RUNPATH_SEARCH_PATHS = (
					"$(inherited)",
					"@executable_path/Frameworks",
				);
				PRODUCT_BUNDLE_IDENTIFIER = "Mihail-Nazarov.Events21";
				PRODUCT_NAME = "$(TARGET_NAME)";
				SWIFT_VERSION = 5.0;
				TARGETED_DEVICE_FAMILY = "1,2";
			};
			name = Debug;
		};
		3E43912F270094F600C8AC03 /* Release */ = {
			isa = XCBuildConfiguration;
			buildSettings = {
				ASSETCATALOG_COMPILER_GLOBAL_ACCENT_COLOR_NAME = AccentColor;
				CODE_SIGN_STYLE = Automatic;
				DEVELOPMENT_TEAM = L63NHFJ3AD;
				INFOPLIST_FILE = Events21/SupportedFiles/Info.plist;
				LD_RUNPATH_SEARCH_PATHS = (
					"$(inherited)",
					"@executable_path/Frameworks",
				);
				PRODUCT_BUNDLE_IDENTIFIER = "Mihail-Nazarov.Events21";
				PRODUCT_NAME = "$(TARGET_NAME)";
				SWIFT_VERSION = 5.0;
				TARGETED_DEVICE_FAMILY = "1,2";
			};
			name = Release;
		};
/* End XCBuildConfiguration section */

/* Begin XCConfigurationList section */
		3E439114270094F400C8AC03 /* Build configuration list for PBXProject "Events21" */ = {
			isa = XCConfigurationList;
			buildConfigurations = (
				3E43912B270094F600C8AC03 /* Debug */,
				3E43912C270094F600C8AC03 /* Release */,
			);
			defaultConfigurationIsVisible = 0;
			defaultConfigurationName = Release;
		};
		3E43912D270094F600C8AC03 /* Build configuration list for PBXNativeTarget "Events21" */ = {
			isa = XCConfigurationList;
			buildConfigurations = (
				3E43912E270094F600C8AC03 /* Debug */,
				3E43912F270094F600C8AC03 /* Release */,
			);
			defaultConfigurationIsVisible = 0;
			defaultConfigurationName = Release;
		};
/* End XCConfigurationList section */

/* Begin XCRemoteSwiftPackageReference section */
		3E4681D727137E8D001D67C2 /* XCRemoteSwiftPackageReference "swift-collections" */ = {
			isa = XCRemoteSwiftPackageReference;
			repositoryURL = "https://github.com/apple/swift-collections.git";
			requirement = {
				kind = upToNextMajorVersion;
				minimumVersion = 1.0.0;
			};
		};
/* End XCRemoteSwiftPackageReference section */

/* Begin XCSwiftPackageProductDependency section */
		3E4681D827137E8D001D67C2 /* OrderedCollections */ = {
			isa = XCSwiftPackageProductDependency;
			package = 3E4681D727137E8D001D67C2 /* XCRemoteSwiftPackageReference "swift-collections" */;
			productName = OrderedCollections;
		};
/* End XCSwiftPackageProductDependency section */
	};
	rootObject = 3E439111270094F400C8AC03 /* Project object */;
}
